<?xml version="1.0" encoding="utf-8"?>
<Project ToolsVersion="4.0" xmlns="http://schemas.microsoft.com/developer/msbuild/2003">
  <ItemGroup>
    <Filter Include="Source Files">
      <UniqueIdentifier>{4FC737F1-C7A5-4376-A066-2A32D752A2FF}</UniqueIdentifier>
      <Extensions>cpp;c;cc;cxx;c++;cppm;ixx;def;odl;idl;hpj;bat;asm;asmx</Extensions>
    </Filter>
    <Filter Include="Header Files">
      <UniqueIdentifier>{93995380-89BD-4b04-88EB-625FBE52EBFB}</UniqueIdentifier>
      <Extensions>h;hh;hpp;hxx;h++;hm;inl;inc;ipp;xsd</Extensions>
    </Filter>
    <Filter Include="Resource Files">
      <UniqueIdentifier>{67DA6AB6-F800-4c08-8B7A-83BB121AAD01}</UniqueIdentifier>
      <Extensions>rc;ico;cur;bmp;dlg;rc2;rct;bin;rgs;gif;jpg;jpeg;jpe;resx;tiff;tif;png;wav;mfcribbon-ms</Extensions>
    </Filter>
    <Filter Include="Header Files\Compiler">
      <UniqueIdentifier>{78012c28-9e1f-40c4-9a9e-0ba4cbddf30f}</UniqueIdentifier>
    </Filter>
    <Filter Include="Source Files\Compiler">
      <UniqueIdentifier>{5ec5899f-28d1-4cf6-b82b-530ee8cb9ab2}</UniqueIdentifier>
    </Filter>
    <Filter Include="Header Files\Runtime">
      <UniqueIdentifier>{3665b8dc-bc9c-4a0d-9f51-15d32ff3ad02}</UniqueIdentifier>
    </Filter>
    <Filter Include="Source Files\Runtime">
      <UniqueIdentifier>{4a18c556-ca98-4a97-876f-2ee77153f3be}</UniqueIdentifier>
    </Filter>
  </ItemGroup>
  <ItemGroup>
    <ClCompile Include="..\repl.cpp">
      <Filter>Source Files</Filter>
    </ClCompile>
    <ClCompile Include="..\editor.cpp">
      <Filter>Source Files</Filter>
    </ClCompile>
    <ClCompile Include="..\..\compiler\compiler.cpp">
      <Filter>Source Files\Compiler</Filter>
    </ClCompile>
    <ClCompile Include="..\..\compiler\context.cpp">
      <Filter>Source Files\Compiler</Filter>
    </ClCompile>
    <ClCompile Include="..\..\compiler\emit.cpp">
      <Filter>Source Files\Compiler</Filter>
    </ClCompile>
    <ClCompile Include="..\..\compiler\intermediate.cpp">
      <Filter>Source Files\Compiler</Filter>
    </ClCompile>
    <ClCompile Include="..\..\compiler\linker.cpp">
      <Filter>Source Files\Compiler</Filter>
    </ClCompile>
    <ClCompile Include="..\..\shared\logger.cpp">
      <Filter>Source Files\Compiler</Filter>
    </ClCompile>
    <ClCompile Include="..\..\compiler\optimization.cpp">
      <Filter>Source Files\Compiler</Filter>
    </ClCompile>
    <ClCompile Include="..\..\compiler\parser.cpp">
      <Filter>Source Files\Compiler</Filter>
    </ClCompile>
    <ClCompile Include="..\..\compiler\scanner.cpp">
      <Filter>Source Files\Compiler</Filter>
    </ClCompile>
    <ClCompile Include="..\..\compiler\tree.cpp">
      <Filter>Source Files\Compiler</Filter>
    </ClCompile>
    <ClCompile Include="..\..\compiler\types.cpp">
      <Filter>Source Files\Compiler</Filter>
    </ClCompile>
    <ClCompile Include="..\..\vm\common.cpp">
      <Filter>Source Files\Runtime</Filter>
    </ClCompile>
    <ClCompile Include="..\..\vm\interpreter.cpp">
      <Filter>Source Files\Runtime</Filter>
    </ClCompile>
    <ClCompile Include="..\..\vm\loader.cpp">
      <Filter>Source Files\Runtime</Filter>
    </ClCompile>
    <ClCompile Include="..\..\vm\vm.cpp">
      <Filter>Source Files\Runtime</Filter>
    </ClCompile>
    <ClCompile Include="..\..\vm\arch\memory.cpp">
      <Filter>Source Files\Runtime</Filter>
    </ClCompile>
    <ClCompile Include="..\..\vm\arch\win32\win32.cpp">
      <Filter>Source Files\Runtime</Filter>
    </ClCompile>
    <ClCompile Include="..\..\vm\arch\jit\jit_common.cpp">
      <Filter>Source Files\Runtime</Filter>
    </ClCompile>
    <ClCompile Include="..\..\vm\arch\jit\amd64\jit_amd_lp64.cpp">
      <Filter>Source Files\Runtime</Filter>
    </ClCompile>
  </ItemGroup>
  <ItemGroup>
    <ClInclude Include="..\editor.h">
      <Filter>Header Files</Filter>
    </ClInclude>
    <ClInclude Include="..\repl.h">
      <Filter>Header Files</Filter>
    </ClInclude>
    <ClInclude Include="..\..\compiler\compiler.h">
      <Filter>Header Files\Compiler</Filter>
    </ClInclude>
    <ClInclude Include="..\..\compiler\context.h">
      <Filter>Header Files\Compiler</Filter>
    </ClInclude>
    <ClInclude Include="..\..\compiler\emit.h">
      <Filter>Header Files\Compiler</Filter>
    </ClInclude>
    <ClInclude Include="..\..\shared\instrs.h">
      <Filter>Header Files\Compiler</Filter>
    </ClInclude>
    <ClInclude Include="..\..\compiler\intermediate.h">
      <Filter>Header Files\Compiler</Filter>
    </ClInclude>
    <ClInclude Include="..\..\compiler\linker.h">
      <Filter>Header Files\Compiler</Filter>
    </ClInclude>
    <ClInclude Include="..\..\shared\logger.h">
      <Filter>Header Files\Compiler</Filter>
    </ClInclude>
    <ClInclude Include="..\..\compiler\optimization.h">
      <Filter>Header Files\Compiler</Filter>
    </ClInclude>
    <ClInclude Include="..\..\compiler\parser.h">
      <Filter>Header Files\Compiler</Filter>
    </ClInclude>
    <ClInclude Include="..\..\compiler\scanner.h">
      <Filter>Header Files\Compiler</Filter>
    </ClInclude>
    <ClInclude Include="..\..\shared\sys.h">
      <Filter>Header Files\Compiler</Filter>
    </ClInclude>
    <ClInclude Include="..\..\shared\traps.h">
      <Filter>Header Files\Compiler</Filter>
    </ClInclude>
    <ClInclude Include="..\..\compiler\tree.h">
      <Filter>Header Files\Compiler</Filter>
    </ClInclude>
    <ClInclude Include="..\..\compiler\types.h">
      <Filter>Header Files\Compiler</Filter>
    </ClInclude>
    <ClInclude Include="..\..\shared\version.h">
      <Filter>Header Files\Compiler</Filter>
    </ClInclude>
    <ClInclude Include="..\..\vm\vm.h">
      <Filter>Header Files\Runtime</Filter>
    </ClInclude>
    <ClInclude Include="..\..\vm\loader.h">
      <Filter>Header Files\Runtime</Filter>
    </ClInclude>
    <ClInclude Include="..\..\vm\lib_api.h">
      <Filter>Header Files\Runtime</Filter>
    </ClInclude>
    <ClInclude Include="..\..\vm\interpreter.h">
      <Filter>Header Files\Runtime</Filter>
    </ClInclude>
    <ClInclude Include="..\..\vm\common.h">
      <Filter>Header Files\Runtime</Filter>
    </ClInclude>
    <ClInclude Include="..\..\vm\arch\memory.h">
      <Filter>Header Files\Runtime</Filter>
    </ClInclude>
    <ClInclude Include="..\..\vm\arch\win32\win32.h">
      <Filter>Header Files\Runtime</Filter>
    </ClInclude>
    <ClInclude Include="..\..\vm\arch\jit\jit_common.h">
      <Filter>Header Files\Runtime</Filter>
    </ClInclude>
    <ClInclude Include="..\..\vm\arch\jit\amd64\jit_amd_lp64.h">
      <Filter>Header Files\Runtime</Filter>
    </ClInclude>
  </ItemGroup>
</Project>