// !$*UTF8*$!
{
	archiveVersion = 1;
	classes = {
	};
	objectVersion = 50;
	objects = {

/* Begin PBXBuildFile section */
		ED0B63FA28FC64D100127DFB /* emit.cpp in Sources */ = {isa = PBXBuildFile; fileRef = ED0B63F828FC64D100127DFB /* emit.cpp */; };
		ED0B63FB28FC64D100127DFB /* emit.h in Headers */ = {isa = PBXBuildFile; fileRef = ED0B63F928FC64D100127DFB /* emit.h */; };
		ED5AB5EB28FC6322002126E1 /* diags.cpp in Sources */ = {isa = PBXBuildFile; fileRef = ED5AB5E928FC6322002126E1 /* diags.cpp */; };
		ED5AB5EC28FC6322002126E1 /* diags.h in Headers */ = {isa = PBXBuildFile; fileRef = ED5AB5EA28FC6322002126E1 /* diags.h */; };
		ED5AB5F328FC6341002126E1 /* parser.h in Headers */ = {isa = PBXBuildFile; fileRef = ED5AB5ED28FC6341002126E1 /* parser.h */; };
		ED5AB5F428FC6341002126E1 /* tree.cpp in Sources */ = {isa = PBXBuildFile; fileRef = ED5AB5EE28FC6341002126E1 /* tree.cpp */; };
		ED5AB5F528FC6341002126E1 /* tree.h in Headers */ = {isa = PBXBuildFile; fileRef = ED5AB5EF28FC6341002126E1 /* tree.h */; };
		ED5AB5F628FC6341002126E1 /* context.h in Headers */ = {isa = PBXBuildFile; fileRef = ED5AB5F028FC6341002126E1 /* context.h */; };
		ED5AB5F728FC6341002126E1 /* parser.cpp in Sources */ = {isa = PBXBuildFile; fileRef = ED5AB5F128FC6341002126E1 /* parser.cpp */; };
		ED5AB5F828FC6341002126E1 /* context.cpp in Sources */ = {isa = PBXBuildFile; fileRef = ED5AB5F228FC6341002126E1 /* context.cpp */; };
		ED5AB5FB28FC6364002126E1 /* intermediate.h in Headers */ = {isa = PBXBuildFile; fileRef = ED5AB5F928FC6364002126E1 /* intermediate.h */; };
		ED5AB5FC28FC6364002126E1 /* intermediate.cpp in Sources */ = {isa = PBXBuildFile; fileRef = ED5AB5FA28FC6364002126E1 /* intermediate.cpp */; };
		ED5AB5FF28FC637E002126E1 /* scanner.h in Headers */ = {isa = PBXBuildFile; fileRef = ED5AB5FD28FC637E002126E1 /* scanner.h */; };
		ED5AB60028FC637E002126E1 /* scanner.cpp in Sources */ = {isa = PBXBuildFile; fileRef = ED5AB5FE28FC637E002126E1 /* scanner.cpp */; };
		ED5AB60328FC63AD002126E1 /* linker.h in Headers */ = {isa = PBXBuildFile; fileRef = ED5AB60128FC63AD002126E1 /* linker.h */; };
		ED5AB60428FC63AD002126E1 /* linker.cpp in Sources */ = {isa = PBXBuildFile; fileRef = ED5AB60228FC63AD002126E1 /* linker.cpp */; };
		ED5AB60728FC63DA002126E1 /* types.cpp in Sources */ = {isa = PBXBuildFile; fileRef = ED5AB60528FC63DA002126E1 /* types.cpp */; };
		ED5AB60828FC63DA002126E1 /* types.h in Headers */ = {isa = PBXBuildFile; fileRef = ED5AB60628FC63DA002126E1 /* types.h */; };
		ED5AB60B28FC63F0002126E1 /* logger.cpp in Sources */ = {isa = PBXBuildFile; fileRef = ED5AB60928FC63F0002126E1 /* logger.cpp */; };
		ED5AB60C28FC63F0002126E1 /* logger.h in Headers */ = {isa = PBXBuildFile; fileRef = ED5AB60A28FC63F0002126E1 /* logger.h */; };
/* End PBXBuildFile section */

/* Begin PBXFileReference section */
		ED0B63F828FC64D100127DFB /* emit.cpp */ = {isa = PBXFileReference; fileEncoding = 4; lastKnownFileType = sourcecode.cpp.cpp; name = emit.cpp; path = ../../../../compiler/emit.cpp; sourceTree = "<group>"; };
		ED0B63F928FC64D100127DFB /* emit.h */ = {isa = PBXFileReference; fileEncoding = 4; lastKnownFileType = sourcecode.c.h; name = emit.h; path = ../../../../compiler/emit.h; sourceTree = "<group>"; };
		ED5AB5E928FC6322002126E1 /* diags.cpp */ = {isa = PBXFileReference; fileEncoding = 4; indentWidth = 2; lastKnownFileType = sourcecode.cpp.cpp; name = diags.cpp; path = ../../diags.cpp; sourceTree = "<group>"; tabWidth = 2; };
		ED5AB5EA28FC6322002126E1 /* diags.h */ = {isa = PBXFileReference; fileEncoding = 4; lastKnownFileType = sourcecode.c.h; name = diags.h; path = ../../diags.h; sourceTree = "<group>"; };
		ED5AB5ED28FC6341002126E1 /* parser.h */ = {isa = PBXFileReference; fileEncoding = 4; lastKnownFileType = sourcecode.c.h; name = parser.h; path = ../../../../compiler/parser.h; sourceTree = "<group>"; };
		ED5AB5EE28FC6341002126E1 /* tree.cpp */ = {isa = PBXFileReference; fileEncoding = 4; lastKnownFileType = sourcecode.cpp.cpp; name = tree.cpp; path = ../../../../compiler/tree.cpp; sourceTree = "<group>"; };
		ED5AB5EF28FC6341002126E1 /* tree.h */ = {isa = PBXFileReference; fileEncoding = 4; indentWidth = 2; lastKnownFileType = sourcecode.c.h; name = tree.h; path = ../../../../compiler/tree.h; sourceTree = "<group>"; tabWidth = 2; wrapsLines = 1; };
		ED5AB5F028FC6341002126E1 /* context.h */ = {isa = PBXFileReference; fileEncoding = 4; lastKnownFileType = sourcecode.c.h; name = context.h; path = ../../../../compiler/context.h; sourceTree = "<group>"; };
		ED5AB5F128FC6341002126E1 /* parser.cpp */ = {isa = PBXFileReference; fileEncoding = 4; lastKnownFileType = sourcecode.cpp.cpp; name = parser.cpp; path = ../../../../compiler/parser.cpp; sourceTree = "<group>"; };
		ED5AB5F228FC6341002126E1 /* context.cpp */ = {isa = PBXFileReference; fileEncoding = 4; lastKnownFileType = sourcecode.cpp.cpp; name = context.cpp; path = ../../../../compiler/context.cpp; sourceTree = "<group>"; };
		ED5AB5F928FC6364002126E1 /* intermediate.h */ = {isa = PBXFileReference; fileEncoding = 4; lastKnownFileType = sourcecode.c.h; name = intermediate.h; path = ../../../../compiler/intermediate.h; sourceTree = "<group>"; };
		ED5AB5FA28FC6364002126E1 /* intermediate.cpp */ = {isa = PBXFileReference; fileEncoding = 4; lastKnownFileType = sourcecode.cpp.cpp; name = intermediate.cpp; path = ../../../../compiler/intermediate.cpp; sourceTree = "<group>"; };
		ED5AB5FD28FC637E002126E1 /* scanner.h */ = {isa = PBXFileReference; fileEncoding = 4; lastKnownFileType = sourcecode.c.h; name = scanner.h; path = ../../../../compiler/scanner.h; sourceTree = "<group>"; };
		ED5AB5FE28FC637E002126E1 /* scanner.cpp */ = {isa = PBXFileReference; fileEncoding = 4; lastKnownFileType = sourcecode.cpp.cpp; name = scanner.cpp; path = ../../../../compiler/scanner.cpp; sourceTree = "<group>"; };
		ED5AB60128FC63AD002126E1 /* linker.h */ = {isa = PBXFileReference; fileEncoding = 4; lastKnownFileType = sourcecode.c.h; name = linker.h; path = ../../../../compiler/linker.h; sourceTree = "<group>"; };
		ED5AB60228FC63AD002126E1 /* linker.cpp */ = {isa = PBXFileReference; fileEncoding = 4; lastKnownFileType = sourcecode.cpp.cpp; name = linker.cpp; path = ../../../../compiler/linker.cpp; sourceTree = "<group>"; };
		ED5AB60528FC63DA002126E1 /* types.cpp */ = {isa = PBXFileReference; fileEncoding = 4; lastKnownFileType = sourcecode.cpp.cpp; name = types.cpp; path = ../../../../compiler/types.cpp; sourceTree = "<group>"; };
		ED5AB60628FC63DA002126E1 /* types.h */ = {isa = PBXFileReference; fileEncoding = 4; lastKnownFileType = sourcecode.c.h; name = types.h; path = ../../../../compiler/types.h; sourceTree = "<group>"; };
		ED5AB60928FC63F0002126E1 /* logger.cpp */ = {isa = PBXFileReference; fileEncoding = 4; lastKnownFileType = sourcecode.cpp.cpp; name = logger.cpp; path = ../../../../shared/logger.cpp; sourceTree = "<group>"; };
		ED5AB60A28FC63F0002126E1 /* logger.h */ = {isa = PBXFileReference; fileEncoding = 4; lastKnownFileType = sourcecode.c.h; name = logger.h; path = ../../../../shared/logger.h; sourceTree = "<group>"; };
		ED97AE332597E75B00344432 /* libobjk_diags.dylib */ = {isa = PBXFileReference; explicitFileType = "compiled.mach-o.dylib"; includeInIndex = 0; path = libobjk_diags.dylib; sourceTree = BUILT_PRODUCTS_DIR; };
/* End PBXFileReference section */

/* Begin PBXFrameworksBuildPhase section */
		ED97AE312597E75B00344432 /* Frameworks */ = {
			isa = PBXFrameworksBuildPhase;
			buildActionMask = 2147483647;
			files = (
			);
			runOnlyForDeploymentPostprocessing = 0;
		};
/* End PBXFrameworksBuildPhase section */

/* Begin PBXGroup section */
		ED97AE2A2597E75B00344432 = {
			isa = PBXGroup;
			children = (
				ED5AB5E928FC6322002126E1 /* diags.cpp */,
				ED5AB5EA28FC6322002126E1 /* diags.h */,
				ED5AB5F228FC6341002126E1 /* context.cpp */,
				ED5AB5F028FC6341002126E1 /* context.h */,
				ED5AB5FA28FC6364002126E1 /* intermediate.cpp */,
				ED5AB5F928FC6364002126E1 /* intermediate.h */,
				ED5AB5F128FC6341002126E1 /* parser.cpp */,
				ED5AB5ED28FC6341002126E1 /* parser.h */,
				ED5AB5EE28FC6341002126E1 /* tree.cpp */,
				ED5AB5EF28FC6341002126E1 /* tree.h */,
				ED5AB5FE28FC637E002126E1 /* scanner.cpp */,
				ED5AB5FD28FC637E002126E1 /* scanner.h */,
				ED0B63F828FC64D100127DFB /* emit.cpp */,
				ED0B63F928FC64D100127DFB /* emit.h */,
				ED5AB60228FC63AD002126E1 /* linker.cpp */,
				ED5AB60128FC63AD002126E1 /* linker.h */,
				ED5AB60528FC63DA002126E1 /* types.cpp */,
				ED5AB60628FC63DA002126E1 /* types.h */,
				ED5AB60928FC63F0002126E1 /* logger.cpp */,
				ED5AB60A28FC63F0002126E1 /* logger.h */,
				ED97AE342597E75B00344432 /* Products */,
			);
			indentWidth = 3;
			sourceTree = "<group>";
			tabWidth = 3;
		};
		ED97AE342597E75B00344432 /* Products */ = {
			isa = PBXGroup;
			children = (
				ED97AE332597E75B00344432 /* libobjk_diags.dylib */,
			);
			name = Products;
			sourceTree = "<group>";
		};
/* End PBXGroup section */

/* Begin PBXHeadersBuildPhase section */
		ED97AE2F2597E75B00344432 /* Headers */ = {
			isa = PBXHeadersBuildPhase;
			buildActionMask = 2147483647;
			files = (
				ED5AB5FB28FC6364002126E1 /* intermediate.h in Headers */,
				ED5AB60328FC63AD002126E1 /* linker.h in Headers */,
				ED5AB60C28FC63F0002126E1 /* logger.h in Headers */,
				ED5AB60828FC63DA002126E1 /* types.h in Headers */,
				ED5AB5FF28FC637E002126E1 /* scanner.h in Headers */,
				ED0B63FB28FC64D100127DFB /* emit.h in Headers */,
				ED5AB5F628FC6341002126E1 /* context.h in Headers */,
				ED5AB5EC28FC6322002126E1 /* diags.h in Headers */,
				ED5AB5F528FC6341002126E1 /* tree.h in Headers */,
				ED5AB5F328FC6341002126E1 /* parser.h in Headers */,
			);
			runOnlyForDeploymentPostprocessing = 0;
		};
/* End PBXHeadersBuildPhase section */

/* Begin PBXNativeTarget section */
		ED97AE322597E75B00344432 /* objk_diags */ = {
			isa = PBXNativeTarget;
			buildConfigurationList = ED97AE3E2597E75B00344432 /* Build configuration list for PBXNativeTarget "objk_diags" */;
			buildPhases = (
				ED97AE2F2597E75B00344432 /* Headers */,
				ED97AE302597E75B00344432 /* Sources */,
				ED97AE312597E75B00344432 /* Frameworks */,
			);
			buildRules = (
			);
			dependencies = (
			);
			name = objk_diags;
			productName = xcode;
			productReference = ED97AE332597E75B00344432 /* libobjk_diags.dylib */;
			productType = "com.apple.product-type.library.dynamic";
		};
/* End PBXNativeTarget section */

/* Begin PBXProject section */
		ED97AE2B2597E75B00344432 /* Project object */ = {
			isa = PBXProject;
			attributes = {
				LastUpgradeCheck = 1230;
				TargetAttributes = {
					ED97AE322597E75B00344432 = {
						CreatedOnToolsVersion = 12.3;
					};
				};
			};
			buildConfigurationList = ED97AE2E2597E75B00344432 /* Build configuration list for PBXProject "objk_diags" */;
			compatibilityVersion = "Xcode 9.3";
			developmentRegion = en;
			hasScannedForEncodings = 0;
			knownRegions = (
				en,
				Base,
			);
			mainGroup = ED97AE2A2597E75B00344432;
			productRefGroup = ED97AE342597E75B00344432 /* Products */;
			projectDirPath = "";
			projectRoot = "";
			targets = (
				ED97AE322597E75B00344432 /* objk_diags */,
			);
		};
/* End PBXProject section */

/* Begin PBXSourcesBuildPhase section */
		ED97AE302597E75B00344432 /* Sources */ = {
			isa = PBXSourcesBuildPhase;
			buildActionMask = 2147483647;
			files = (
				ED5AB5EB28FC6322002126E1 /* diags.cpp in Sources */,
				ED5AB60428FC63AD002126E1 /* linker.cpp in Sources */,
				ED5AB5FC28FC6364002126E1 /* intermediate.cpp in Sources */,
				ED5AB60B28FC63F0002126E1 /* logger.cpp in Sources */,
				ED5AB5F828FC6341002126E1 /* context.cpp in Sources */,
				ED5AB5F728FC6341002126E1 /* parser.cpp in Sources */,
				ED5AB60028FC637E002126E1 /* scanner.cpp in Sources */,
				ED5AB5F428FC6341002126E1 /* tree.cpp in Sources */,
				ED0B63FA28FC64D100127DFB /* emit.cpp in Sources */,
				ED5AB60728FC63DA002126E1 /* types.cpp in Sources */,
			);
			runOnlyForDeploymentPostprocessing = 0;
		};
/* End PBXSourcesBuildPhase section */

/* Begin XCBuildConfiguration section */
		ED97AE3C2597E75B00344432 /* Debug */ = {
			isa = XCBuildConfiguration;
			buildSettings = {
				ALWAYS_SEARCH_USER_PATHS = NO;
				CLANG_ANALYZER_NONNULL = YES;
				CLANG_ANALYZER_NUMBER_OBJECT_CONVERSION = YES_AGGRESSIVE;
				CLANG_CXX_LANGUAGE_STANDARD = "c++17";
				CLANG_CXX_LIBRARY = "libc++";
				CLANG_ENABLE_MODULES = YES;
				CLANG_ENABLE_OBJC_ARC = YES;
				CLANG_ENABLE_OBJC_WEAK = YES;
				CLANG_WARN_BLOCK_CAPTURE_AUTORELEASING = YES;
				CLANG_WARN_BOOL_CONVERSION = YES;
				CLANG_WARN_COMMA = YES;
				CLANG_WARN_CONSTANT_CONVERSION = YES;
				CLANG_WARN_DEPRECATED_OBJC_IMPLEMENTATIONS = YES;
				CLANG_WARN_DIRECT_OBJC_ISA_USAGE = YES_ERROR;
				CLANG_WARN_DOCUMENTATION_COMMENTS = YES;
				CLANG_WARN_EMPTY_BODY = YES;
				CLANG_WARN_ENUM_CONVERSION = YES;
				CLANG_WARN_INFINITE_RECURSION = YES;
				CLANG_WARN_INT_CONVERSION = YES;
				CLANG_WARN_NON_LITERAL_NULL_CONVERSION = YES;
				CLANG_WARN_OBJC_IMPLICIT_RETAIN_SELF = YES;
				CLANG_WARN_OBJC_LITERAL_CONVERSION = YES;
				CLANG_WARN_OBJC_ROOT_CLASS = YES_ERROR;
				CLANG_WARN_QUOTED_INCLUDE_IN_FRAMEWORK_HEADER = YES;
				CLANG_WARN_RANGE_LOOP_ANALYSIS = YES;
				CLANG_WARN_STRICT_PROTOTYPES = YES;
				CLANG_WARN_SUSPICIOUS_MOVE = YES;
				CLANG_WARN_UNGUARDED_AVAILABILITY = YES_AGGRESSIVE;
				CLANG_WARN_UNREACHABLE_CODE = YES;
				CLANG_WARN__DUPLICATE_METHOD_MATCH = YES;
				CODE_SIGN_IDENTITY = "Mac Developer";
				COPY_PHASE_STRIP = NO;
				DEBUG_INFORMATION_FORMAT = dwarf;
				DEVELOPMENT_TEAM = 37JDXYTCG2;
				ENABLE_HARDENED_RUNTIME = YES;
				ENABLE_STRICT_OBJC_MSGSEND = YES;
				ENABLE_TESTABILITY = YES;
				GCC_C_LANGUAGE_STANDARD = gnu11;
				GCC_DYNAMIC_NO_PIC = NO;
				GCC_NO_COMMON_BLOCKS = YES;
				GCC_OPTIMIZATION_LEVEL = 0;
				GCC_PREPROCESSOR_DEFINITIONS = (
					_DIAG_LIB,
					_DEBUG,
				);
				GCC_WARN_64_TO_32_BIT_CONVERSION = YES;
				GCC_WARN_ABOUT_RETURN_TYPE = YES_ERROR;
				GCC_WARN_UNDECLARED_SELECTOR = YES;
				GCC_WARN_UNINITIALIZED_AUTOS = YES_AGGRESSIVE;
				GCC_WARN_UNUSED_FUNCTION = YES;
				GCC_WARN_UNUSED_VARIABLE = YES;
				MACOSX_DEPLOYMENT_TARGET = 11.1;
				MTL_ENABLE_DEBUG_INFO = INCLUDE_SOURCE;
				MTL_FAST_MATH = YES;
				ONLY_ACTIVE_ARCH = YES;
				OTHER_LDFLAGS = "";
				SDKROOT = macosx;
				SYSTEM_HEADER_SEARCH_PATHS = ../../../openssl/macos/include;
				USER_HEADER_SEARCH_PATHS = "";
				"USER_HEADER_SEARCH_PATHS[arch=*]" = "";
			};
			name = Debug;
		};
		ED97AE3D2597E75B00344432 /* Release */ = {
			isa = XCBuildConfiguration;
			buildSettings = {
				ALWAYS_SEARCH_USER_PATHS = NO;
				CLANG_ANALYZER_NONNULL = YES;
				CLANG_ANALYZER_NUMBER_OBJECT_CONVERSION = YES_AGGRESSIVE;
				CLANG_CXX_LANGUAGE_STANDARD = "c++17";
				CLANG_CXX_LIBRARY = "libc++";
				CLANG_ENABLE_MODULES = YES;
				CLANG_ENABLE_OBJC_ARC = YES;
				CLANG_ENABLE_OBJC_WEAK = YES;
				CLANG_WARN_BLOCK_CAPTURE_AUTORELEASING = YES;
				CLANG_WARN_BOOL_CONVERSION = YES;
				CLANG_WARN_COMMA = YES;
				CLANG_WARN_CONSTANT_CONVERSION = YES;
				CLANG_WARN_DEPRECATED_OBJC_IMPLEMENTATIONS = YES;
				CLANG_WARN_DIRECT_OBJC_ISA_USAGE = YES_ERROR;
				CLANG_WARN_DOCUMENTATION_COMMENTS = YES;
				CLANG_WARN_EMPTY_BODY = YES;
				CLANG_WARN_ENUM_CONVERSION = YES;
				CLANG_WARN_INFINITE_RECURSION = YES;
				CLANG_WARN_INT_CONVERSION = YES;
				CLANG_WARN_NON_LITERAL_NULL_CONVERSION = YES;
				CLANG_WARN_OBJC_IMPLICIT_RETAIN_SELF = YES;
				CLANG_WARN_OBJC_LITERAL_CONVERSION = YES;
				CLANG_WARN_OBJC_ROOT_CLASS = YES_ERROR;
				CLANG_WARN_QUOTED_INCLUDE_IN_FRAMEWORK_HEADER = YES;
				CLANG_WARN_RANGE_LOOP_ANALYSIS = YES;
				CLANG_WARN_STRICT_PROTOTYPES = YES;
				CLANG_WARN_SUSPICIOUS_MOVE = YES;
				CLANG_WARN_UNGUARDED_AVAILABILITY = YES_AGGRESSIVE;
				CLANG_WARN_UNREACHABLE_CODE = YES;
				CLANG_WARN__DUPLICATE_METHOD_MATCH = YES;
				CODE_SIGN_IDENTITY = "Mac Developer";
				COPY_PHASE_STRIP = NO;
				DEBUG_INFORMATION_FORMAT = "dwarf-with-dsym";
				DEVELOPMENT_TEAM = 37JDXYTCG2;
				ENABLE_HARDENED_RUNTIME = YES;
				ENABLE_NS_ASSERTIONS = NO;
				ENABLE_STRICT_OBJC_MSGSEND = YES;
				GCC_C_LANGUAGE_STANDARD = gnu11;
				GCC_NO_COMMON_BLOCKS = YES;
				GCC_PREPROCESSOR_DEFINITIONS = _DIAG_LIB;
				GCC_WARN_64_TO_32_BIT_CONVERSION = YES;
				GCC_WARN_ABOUT_RETURN_TYPE = YES_ERROR;
				GCC_WARN_UNDECLARED_SELECTOR = YES;
				GCC_WARN_UNINITIALIZED_AUTOS = YES_AGGRESSIVE;
				GCC_WARN_UNUSED_FUNCTION = YES;
				GCC_WARN_UNUSED_VARIABLE = YES;
				MACOSX_DEPLOYMENT_TARGET = 11.1;
				MTL_ENABLE_DEBUG_INFO = NO;
				MTL_FAST_MATH = YES;
				OTHER_LDFLAGS = "";
				SDKROOT = macosx;
				SYSTEM_HEADER_SEARCH_PATHS = ../../../openssl/macos/include;
				USER_HEADER_SEARCH_PATHS = "";
			};
			name = Release;
		};
		ED97AE3F2597E75B00344432 /* Debug */ = {
			isa = XCBuildConfiguration;
			buildSettings = {
				CODE_SIGN_IDENTITY = "Mac Developer";
				CODE_SIGN_STYLE = Automatic;
				DYLIB_COMPATIBILITY_VERSION = 1;
				DYLIB_CURRENT_VERSION = 1;
				ENABLE_TESTABILITY = YES;
				EXCLUDED_ARCHS = x86_64;
				EXECUTABLE_PREFIX = lib;
				GCC_ENABLE_CPP_EXCEPTIONS = YES;
				GCC_ENABLE_CPP_RTTI = YES;
				GCC_SYMBOLS_PRIVATE_EXTERN = YES;
				HEADER_SEARCH_PATHS = ../include;
				LIBRARY_SEARCH_PATHS = "";
				OTHER_LDFLAGS = "";
				"OTHER_LDFLAGS[arch=*]" = (
					"-Wl,../../../openssl/macos/arm64/libmbedtls.a",
					"-Wl,../../../openssl/macos/arm64/libmbedx509.a",
					"-Wl,../../../openssl/macos/arm64/libmbedcrypto.a",
					"-lz",
					"-lreadline",
				);
				PRODUCT_NAME = "$(TARGET_NAME)";
				SKIP_INSTALL = YES;
			};
			name = Debug;
		};
		ED97AE402597E75B00344432 /* Release */ = {
			isa = XCBuildConfiguration;
			buildSettings = {
				CODE_SIGN_IDENTITY = "Mac Developer";
				CODE_SIGN_STYLE = Automatic;
				DYLIB_COMPATIBILITY_VERSION = 1;
				DYLIB_CURRENT_VERSION = 1;
				ENABLE_TESTABILITY = YES;
				EXCLUDED_ARCHS = x86_64;
				EXECUTABLE_PREFIX = lib;
				GCC_ENABLE_CPP_EXCEPTIONS = YES;
				GCC_ENABLE_CPP_RTTI = YES;
				GCC_SYMBOLS_PRIVATE_EXTERN = YES;
				HEADER_SEARCH_PATHS = ../include;
				LIBRARY_SEARCH_PATHS = "";
				OTHER_LDFLAGS = "";
				"OTHER_LDFLAGS[arch=*]" = (
					"-Wl,../../../openssl/macos/arm64/libmbedtls.a",
					"-Wl,../../../openssl/macos/arm64/libmbedx509.a",
					"-Wl,../../../openssl/macos/arm64/libmbedcrypto.a",
					"-lz",
					"-lreadline",
				);
				PRODUCT_NAME = "$(TARGET_NAME)";
				SKIP_INSTALL = YES;
			};
			name = Release;
		};
/* End XCBuildConfiguration section */

/* Begin XCConfigurationList section */
		ED97AE2E2597E75B00344432 /* Build configuration list for PBXProject "objk_diags" */ = {
			isa = XCConfigurationList;
			buildConfigurations = (
				ED97AE3C2597E75B00344432 /* Debug */,
				ED97AE3D2597E75B00344432 /* Release */,
			);
			defaultConfigurationIsVisible = 0;
			defaultConfigurationName = Release;
		};
		ED97AE3E2597E75B00344432 /* Build configuration list for PBXNativeTarget "objk_diags" */ = {
			isa = XCConfigurationList;
			buildConfigurations = (
				ED97AE3F2597E75B00344432 /* Debug */,
				ED97AE402597E75B00344432 /* Release */,
			);
			defaultConfigurationIsVisible = 0;
			defaultConfigurationName = Release;
		};
/* End XCConfigurationList section */
	};
	rootObject = ED97AE2B2597E75B00344432 /* Project object */;
}
