
Microsoft Visual Studio Solution File, Format Version 12.00
# Visual Studio 2013
VisualStudioVersion = 12.0.21005.1
MinimumVisualStudioVersion = 10.0.40219.1
Project("{8BC9CEB8-8B4A-11D0-8D11-00A0C91BC942}") = "stctest", "stctest.vcxproj", "{E1523B1A-C8FF-5961-9468-DD54C007019D}"
EndProject
Global
	GlobalSection(SolutionConfigurationPlatforms) = preSolution
		Debug|Win32 = Debug|Win32
		DLL Debug|Win32 = DLL Debug|Win32
		DLL Release|Win32 = DLL Release|Win32
		Release|Win32 = Release|Win32
	EndGlobalSection
	GlobalSection(ProjectConfigurationPlatforms) = postSolution
		{E1523B1A-C8FF-5961-9468-DD54C007019D}.Debug|Win32.ActiveCfg = Debug|Win32
		{E1523B1A-C8FF-5961-9468-DD54C007019D}.Debug|Win32.Build.0 = Debug|Win32
		{E1523B1A-C8FF-5961-9468-DD54C007019D}.DLL Debug|Win32.ActiveCfg = DLL Debug|Win32
		{E1523B1A-C8FF-5961-9468-DD54C007019D}.DLL Debug|Win32.Build.0 = DLL Debug|Win32
		{E1523B1A-C8FF-5961-9468-DD54C007019D}.DLL Release|Win32.ActiveCfg = DLL Release|Win32
		{E1523B1A-C8FF-5961-9468-DD54C007019D}.DLL Release|Win32.Build.0 = DLL Release|Win32
		{E1523B1A-C8FF-5961-9468-DD54C007019D}.Release|Win32.ActiveCfg = Release|Win32
		{E1523B1A-C8FF-5961-9468-DD54C007019D}.Release|Win32.Build.0 = Release|Win32
	EndGlobalSection
	GlobalSection(SolutionProperties) = preSolution
		HideSolutionNode = FALSE
	EndGlobalSection
EndGlobal
