// !$*UTF8*$!
{
	archiveVersion = 1;
	classes = {
	};
	objectVersion = 46;
	objects = {

/* Begin PBXBuildFile section */
		ED56FE56256F367D00DFB0F9 /* jit_arm_a64.cpp in Sources */ = {isa = PBXBuildFile; fileRef = ED56FE54256F367D00DFB0F9 /* jit_arm_a64.cpp */; };
		EDFEDD80256EE38100382F3F /* vm.cpp in Sources */ = {isa = PBXBuildFile; fileRef = 255B2D711966EFB700AF1F2E /* vm.cpp */; };
		EDFEDD81256EE38100382F3F /* interpreter.cpp in Sources */ = {isa = PBXBuildFile; fileRef = 255B2D6B1966EFB700AF1F2E /* interpreter.cpp */; };
		EDFEDD83256EE38100382F3F /* loader.cpp in Sources */ = {isa = PBXBuildFile; fileRef = 255B2D6E1966EFB700AF1F2E /* loader.cpp */; };
		EDFEDD84256EE38100382F3F /* posix_main.cpp in Sources */ = {isa = PBXBuildFile; fileRef = 255B2D701966EFB700AF1F2E /* posix_main.cpp */; };
		EDFEDD85256EE38100382F3F /* memory.cpp in Sources */ = {isa = PBXBuildFile; fileRef = ED0340C8216A6B920091732E /* memory.cpp */; };
		EDFEDD86256EE38100382F3F /* common.cpp in Sources */ = {isa = PBXBuildFile; fileRef = 255B2D691966EFB700AF1F2E /* common.cpp */; };
/* End PBXBuildFile section */

/* Begin PBXCopyFilesBuildPhase section */
		EDFEDD8A256EE38100382F3F /* Copy Files */ = {
			isa = PBXCopyFilesBuildPhase;
			buildActionMask = 2147483647;
			dstPath = /usr/share/man/man1/;
			dstSubfolderSpec = 0;
			files = (
			);
			name = "Copy Files";
			runOnlyForDeploymentPostprocessing = 1;
		};
/* End PBXCopyFilesBuildPhase section */

/* Begin PBXFileReference section */
		255B2D691966EFB700AF1F2E /* common.cpp */ = {isa = PBXFileReference; fileEncoding = 4; lastKnownFileType = sourcecode.cpp.cpp; name = common.cpp; path = ../../common.cpp; sourceTree = "<group>"; };
		255B2D6A1966EFB700AF1F2E /* common.h */ = {isa = PBXFileReference; fileEncoding = 4; lastKnownFileType = sourcecode.c.h; name = common.h; path = ../../common.h; sourceTree = "<group>"; };
		255B2D6B1966EFB700AF1F2E /* interpreter.cpp */ = {isa = PBXFileReference; fileEncoding = 4; lastKnownFileType = sourcecode.cpp.cpp; name = interpreter.cpp; path = ../../interpreter.cpp; sourceTree = "<group>"; };
		255B2D6C1966EFB700AF1F2E /* interpreter.h */ = {isa = PBXFileReference; fileEncoding = 4; lastKnownFileType = sourcecode.c.h; name = interpreter.h; path = ../../interpreter.h; sourceTree = "<group>"; };
		255B2D6D1966EFB700AF1F2E /* lib_api.h */ = {isa = PBXFileReference; fileEncoding = 4; lastKnownFileType = sourcecode.c.h; name = lib_api.h; path = ../../lib_api.h; sourceTree = "<group>"; };
		255B2D6E1966EFB700AF1F2E /* loader.cpp */ = {isa = PBXFileReference; fileEncoding = 4; lastKnownFileType = sourcecode.cpp.cpp; name = loader.cpp; path = ../../loader.cpp; sourceTree = "<group>"; };
		255B2D6F1966EFB700AF1F2E /* loader.h */ = {isa = PBXFileReference; fileEncoding = 4; lastKnownFileType = sourcecode.c.h; name = loader.h; path = ../../loader.h; sourceTree = "<group>"; };
		255B2D701966EFB700AF1F2E /* posix_main.cpp */ = {isa = PBXFileReference; fileEncoding = 4; lastKnownFileType = sourcecode.cpp.cpp; name = posix_main.cpp; path = ../../posix_main.cpp; sourceTree = "<group>"; };
		255B2D711966EFB700AF1F2E /* vm.cpp */ = {isa = PBXFileReference; fileEncoding = 4; lastKnownFileType = sourcecode.cpp.cpp; name = vm.cpp; path = ../../vm.cpp; sourceTree = "<group>"; };
		255B2D721966EFB700AF1F2E /* vm.h */ = {isa = PBXFileReference; fileEncoding = 4; lastKnownFileType = sourcecode.c.h; name = vm.h; path = ../../vm.h; sourceTree = "<group>"; };
		ED0340C7216A6B920091732E /* memory.h */ = {isa = PBXFileReference; fileEncoding = 4; lastKnownFileType = sourcecode.c.h; name = memory.h; path = ../../arch/memory.h; sourceTree = "<group>"; };
		ED0340C8216A6B920091732E /* memory.cpp */ = {isa = PBXFileReference; fileEncoding = 4; lastKnownFileType = sourcecode.cpp.cpp; name = memory.cpp; path = ../../arch/memory.cpp; sourceTree = "<group>"; };
		ED31B186256F341C00FD5C27 /* jit_amd_lp64.cpp */ = {isa = PBXFileReference; fileEncoding = 4; lastKnownFileType = sourcecode.cpp.cpp; name = jit_amd_lp64.cpp; path = ../../arch/jit/amd64/jit_amd_lp64.cpp; sourceTree = "<group>"; };
		ED31B187256F341C00FD5C27 /* jit_amd_lp64.h */ = {isa = PBXFileReference; fileEncoding = 4; lastKnownFileType = sourcecode.c.h; name = jit_amd_lp64.h; path = ../../arch/jit/amd64/jit_amd_lp64.h; sourceTree = "<group>"; };
		ED563F572570075600791CB7 /* VM-A64.entitlements */ = {isa = PBXFileReference; lastKnownFileType = text.plist.entitlements; path = "VM-A64.entitlements"; sourceTree = "<group>"; };
		ED56FE54256F367D00DFB0F9 /* jit_arm_a64.cpp */ = {isa = PBXFileReference; fileEncoding = 4; lastKnownFileType = sourcecode.cpp.cpp; name = jit_arm_a64.cpp; path = ../../arch/jit/arm64/jit_arm_a64.cpp; sourceTree = "<group>"; };
		ED56FE55256F367D00DFB0F9 /* jit_arm_a64.h */ = {isa = PBXFileReference; fileEncoding = 4; lastKnownFileType = sourcecode.c.h; name = jit_arm_a64.h; path = ../../arch/jit/arm64/jit_arm_a64.h; sourceTree = "<group>"; };
		EDFEDD8F256EE38100382F3F /* obr */ = {isa = PBXFileReference; explicitFileType = "compiled.mach-o.executable"; includeInIndex = 0; path = obr; sourceTree = BUILT_PRODUCTS_DIR; };
/* End PBXFileReference section */

/* Begin PBXFrameworksBuildPhase section */
		EDFEDD87256EE38100382F3F /* Frameworks */ = {
			isa = PBXFrameworksBuildPhase;
			buildActionMask = 2147483647;
			files = (
			);
			runOnlyForDeploymentPostprocessing = 0;
		};
/* End PBXFrameworksBuildPhase section */

/* Begin PBXGroup section */
		255B2D541966EF5400AF1F2E = {
			isa = PBXGroup;
			children = (
				ED563F572570075600791CB7 /* VM-A64.entitlements */,
				255B2D5F1966EF5400AF1F2E /* VM */,
				255B2D5E1966EF5400AF1F2E /* Products */,
			);
			indentWidth = 2;
			sourceTree = "<group>";
			tabWidth = 2;
		};
		255B2D5E1966EF5400AF1F2E /* Products */ = {
			isa = PBXGroup;
			children = (
				EDFEDD8F256EE38100382F3F /* obr */,
			);
			name = Products;
			sourceTree = "<group>";
		};
		255B2D5F1966EF5400AF1F2E /* VM */ = {
			isa = PBXGroup;
			children = (
				ED56FE54256F367D00DFB0F9 /* jit_arm_a64.cpp */,
				ED56FE55256F367D00DFB0F9 /* jit_arm_a64.h */,
				ED31B186256F341C00FD5C27 /* jit_amd_lp64.cpp */,
				ED31B187256F341C00FD5C27 /* jit_amd_lp64.h */,
				ED0340C8216A6B920091732E /* memory.cpp */,
				ED0340C7216A6B920091732E /* memory.h */,
				255B2D691966EFB700AF1F2E /* common.cpp */,
				255B2D6A1966EFB700AF1F2E /* common.h */,
				255B2D6B1966EFB700AF1F2E /* interpreter.cpp */,
				255B2D6C1966EFB700AF1F2E /* interpreter.h */,
				255B2D6D1966EFB700AF1F2E /* lib_api.h */,
				255B2D6E1966EFB700AF1F2E /* loader.cpp */,
				255B2D6F1966EFB700AF1F2E /* loader.h */,
				255B2D701966EFB700AF1F2E /* posix_main.cpp */,
				255B2D711966EFB700AF1F2E /* vm.cpp */,
				255B2D721966EFB700AF1F2E /* vm.h */,
			);
			path = VM;
			sourceTree = "<group>";
		};
/* End PBXGroup section */

/* Begin PBXNativeTarget section */
		EDFEDD7E256EE38100382F3F /* VM-A64 */ = {
			isa = PBXNativeTarget;
			buildConfigurationList = EDFEDD8C256EE38100382F3F /* Build configuration list for PBXNativeTarget "VM-A64" */;
			buildPhases = (
				EDFEDD7F256EE38100382F3F /* Sources */,
				EDFEDD87256EE38100382F3F /* Frameworks */,
				EDFEDD8A256EE38100382F3F /* Copy Files */,
			);
			buildRules = (
			);
			dependencies = (
			);
			name = "VM-A64";
			productName = "Xcode-VM";
			productReference = EDFEDD8F256EE38100382F3F /* obr */;
			productType = "com.apple.product-type.tool";
		};
/* End PBXNativeTarget section */

/* Begin PBXProject section */
		255B2D551966EF5400AF1F2E /* Project object */ = {
			isa = PBXProject;
			attributes = {
				LastUpgradeCheck = 1220;
				ORGANIZATIONNAME = "Randy Hollines";
				TargetAttributes = {
					EDFEDD7E256EE38100382F3F = {
						DevelopmentTeam = 37JDXYTCG2;
						ProvisioningStyle = Automatic;
					};
				};
			};
			buildConfigurationList = 255B2D581966EF5400AF1F2E /* Build configuration list for PBXProject "VM" */;
			compatibilityVersion = "Xcode 3.2";
			developmentRegion = en;
			hasScannedForEncodings = 0;
			knownRegions = (
				en,
				Base,
			);
			mainGroup = 255B2D541966EF5400AF1F2E;
			productRefGroup = 255B2D5E1966EF5400AF1F2E /* Products */;
			projectDirPath = "";
			projectRoot = "";
			targets = (
				EDFEDD7E256EE38100382F3F /* VM-A64 */,
			);
		};
/* End PBXProject section */

/* Begin PBXSourcesBuildPhase section */
		EDFEDD7F256EE38100382F3F /* Sources */ = {
			isa = PBXSourcesBuildPhase;
			buildActionMask = 2147483647;
			files = (
				EDFEDD80256EE38100382F3F /* vm.cpp in Sources */,
				EDFEDD81256EE38100382F3F /* interpreter.cpp in Sources */,
				ED56FE56256F367D00DFB0F9 /* jit_arm_a64.cpp in Sources */,
				EDFEDD83256EE38100382F3F /* loader.cpp in Sources */,
				EDFEDD84256EE38100382F3F /* posix_main.cpp in Sources */,
				EDFEDD85256EE38100382F3F /* memory.cpp in Sources */,
				EDFEDD86256EE38100382F3F /* common.cpp in Sources */,
			);
			runOnlyForDeploymentPostprocessing = 0;
		};
/* End PBXSourcesBuildPhase section */

/* Begin XCBuildConfiguration section */
		255B2D641966EF5400AF1F2E /* Debug */ = {
			isa = XCBuildConfiguration;
			buildSettings = {
				ALWAYS_SEARCH_USER_PATHS = NO;
				CLANG_CXX_LANGUAGE_STANDARD = "gnu++0x";
				CLANG_CXX_LIBRARY = "libc++";
				CLANG_ENABLE_MODULES = YES;
				CLANG_ENABLE_OBJC_ARC = YES;
				CLANG_WARN_BLOCK_CAPTURE_AUTORELEASING = YES;
				CLANG_WARN_BOOL_CONVERSION = YES;
				CLANG_WARN_COMMA = YES;
				CLANG_WARN_CONSTANT_CONVERSION = YES;
				CLANG_WARN_DEPRECATED_OBJC_IMPLEMENTATIONS = YES;
				CLANG_WARN_DIRECT_OBJC_ISA_USAGE = YES_ERROR;
				CLANG_WARN_EMPTY_BODY = YES;
				CLANG_WARN_ENUM_CONVERSION = YES;
				CLANG_WARN_INFINITE_RECURSION = YES;
				CLANG_WARN_INT_CONVERSION = YES;
				CLANG_WARN_NON_LITERAL_NULL_CONVERSION = YES;
				CLANG_WARN_OBJC_IMPLICIT_RETAIN_SELF = YES;
				CLANG_WARN_OBJC_LITERAL_CONVERSION = YES;
				CLANG_WARN_OBJC_ROOT_CLASS = YES_ERROR;
				CLANG_WARN_QUOTED_INCLUDE_IN_FRAMEWORK_HEADER = YES;
				CLANG_WARN_RANGE_LOOP_ANALYSIS = YES;
				CLANG_WARN_STRICT_PROTOTYPES = YES;
				CLANG_WARN_SUSPICIOUS_MOVE = YES;
				CLANG_WARN_UNREACHABLE_CODE = YES;
				CLANG_WARN__DUPLICATE_METHOD_MATCH = YES;
				COPY_PHASE_STRIP = NO;
				ENABLE_STRICT_OBJC_MSGSEND = YES;
				ENABLE_TESTABILITY = YES;
				GCC_C_LANGUAGE_STANDARD = gnu99;
				GCC_DYNAMIC_NO_PIC = NO;
				GCC_ENABLE_OBJC_EXCEPTIONS = YES;
				GCC_NO_COMMON_BLOCKS = YES;
				GCC_OPTIMIZATION_LEVEL = 0;
				GCC_PREPROCESSOR_DEFINITIONS = (
					"DEBUG=1",
					"$(inherited)",
				);
				GCC_SYMBOLS_PRIVATE_EXTERN = NO;
				GCC_WARN_64_TO_32_BIT_CONVERSION = YES;
				GCC_WARN_ABOUT_RETURN_TYPE = YES_ERROR;
				GCC_WARN_UNDECLARED_SELECTOR = YES;
				GCC_WARN_UNINITIALIZED_AUTOS = YES_AGGRESSIVE;
				GCC_WARN_UNUSED_FUNCTION = YES;
				GCC_WARN_UNUSED_VARIABLE = YES;
				MACOSX_DEPLOYMENT_TARGET = 10.9;
				ONLY_ACTIVE_ARCH = YES;
				"OTHER_LDFLAGS[arch=*]" = "-lz";
				SDKROOT = macosx;
			};
			name = Debug;
		};
		255B2D651966EF5400AF1F2E /* Release */ = {
			isa = XCBuildConfiguration;
			buildSettings = {
				ALWAYS_SEARCH_USER_PATHS = NO;
				CLANG_CXX_LANGUAGE_STANDARD = "gnu++0x";
				CLANG_CXX_LIBRARY = "libc++";
				CLANG_ENABLE_MODULES = YES;
				CLANG_ENABLE_OBJC_ARC = YES;
				CLANG_WARN_BLOCK_CAPTURE_AUTORELEASING = YES;
				CLANG_WARN_BOOL_CONVERSION = YES;
				CLANG_WARN_COMMA = YES;
				CLANG_WARN_CONSTANT_CONVERSION = YES;
				CLANG_WARN_DEPRECATED_OBJC_IMPLEMENTATIONS = YES;
				CLANG_WARN_DIRECT_OBJC_ISA_USAGE = YES_ERROR;
				CLANG_WARN_EMPTY_BODY = YES;
				CLANG_WARN_ENUM_CONVERSION = YES;
				CLANG_WARN_INFINITE_RECURSION = YES;
				CLANG_WARN_INT_CONVERSION = YES;
				CLANG_WARN_NON_LITERAL_NULL_CONVERSION = YES;
				CLANG_WARN_OBJC_IMPLICIT_RETAIN_SELF = YES;
				CLANG_WARN_OBJC_LITERAL_CONVERSION = YES;
				CLANG_WARN_OBJC_ROOT_CLASS = YES_ERROR;
				CLANG_WARN_QUOTED_INCLUDE_IN_FRAMEWORK_HEADER = YES;
				CLANG_WARN_RANGE_LOOP_ANALYSIS = YES;
				CLANG_WARN_STRICT_PROTOTYPES = YES;
				CLANG_WARN_SUSPICIOUS_MOVE = YES;
				CLANG_WARN_UNREACHABLE_CODE = YES;
				CLANG_WARN__DUPLICATE_METHOD_MATCH = YES;
				COPY_PHASE_STRIP = YES;
				DEBUG_INFORMATION_FORMAT = "dwarf-with-dsym";
				ENABLE_NS_ASSERTIONS = NO;
				ENABLE_STRICT_OBJC_MSGSEND = YES;
				GCC_C_LANGUAGE_STANDARD = gnu99;
				GCC_ENABLE_OBJC_EXCEPTIONS = YES;
				GCC_NO_COMMON_BLOCKS = YES;
				GCC_WARN_64_TO_32_BIT_CONVERSION = YES;
				GCC_WARN_ABOUT_RETURN_TYPE = YES_ERROR;
				GCC_WARN_UNDECLARED_SELECTOR = YES;
				GCC_WARN_UNINITIALIZED_AUTOS = YES_AGGRESSIVE;
				GCC_WARN_UNUSED_FUNCTION = YES;
				GCC_WARN_UNUSED_VARIABLE = YES;
				MACOSX_DEPLOYMENT_TARGET = 10.9;
				"OTHER_LDFLAGS[arch=*]" = "-lz";
				SDKROOT = macosx;
			};
			name = Release;
		};
		EDFEDD8D256EE38100382F3F /* Debug */ = {
			isa = XCBuildConfiguration;
			buildSettings = {
				CLANG_WARN_INT_CONVERSION = YES;
				CODE_SIGN_ENTITLEMENTS = "VM-A64.entitlements";
				CODE_SIGN_IDENTITY = "Mac Developer";
				CODE_SIGN_STYLE = Automatic;
				DEVELOPMENT_TEAM = 37JDXYTCG2;
				ENABLE_HARDENED_RUNTIME = YES;
				EXCLUDED_ARCHS = x86_64;
				FRAMEWORK_SEARCH_PATHS = (
					"$(inherited)",
					"$(DEVELOPER_FRAMEWORKS_DIR)",
				);
				GCC_PREPROCESSOR_DEFINITIONS = (
					_OSX,
					_ARM64,
					_DEBUG_GC,
				);
				GCC_WARN_64_TO_32_BIT_CONVERSION = NO;
				GCC_WARN_ABOUT_DEPRECATED_FUNCTIONS = NO;
				GCC_WARN_UNINITIALIZED_AUTOS = YES;
				GCC_WARN_UNUSED_FUNCTION = NO;
				"HEADER_SEARCH_PATHS[arch=*]" = ../../lib/openssl/macos/include;
				LIBRARY_SEARCH_PATHS = (
					"$(inherited)",
					"$(SDKROOT)/usr/lib/system",
				);
				MACOSX_DEPLOYMENT_TARGET = 11.0;
				"OTHER_LDFLAGS[arch=*]" = (
					"-Wl,../../lib/openssl/macos/arm64/libssl.a",
					"-Wl,../../lib/openssl/macos/arm64/libcrypto.a",
					"-lz",
				);
				PRELINK_LIBS = "";
				PRODUCT_NAME = obr;
				PROVISIONING_PROFILE_SPECIFIER = "";
			};
			name = Debug;
		};
		EDFEDD8E256EE38100382F3F /* Release */ = {
			isa = XCBuildConfiguration;
			buildSettings = {
				CLANG_WARN_INT_CONVERSION = YES;
				CODE_SIGN_ENTITLEMENTS = "VM-A64.entitlements";
				CODE_SIGN_IDENTITY = "Mac Developer";
				CODE_SIGN_STYLE = Automatic;
				DEVELOPMENT_TEAM = 37JDXYTCG2;
				ENABLE_HARDENED_RUNTIME = YES;
				EXCLUDED_ARCHS = x86_64;
				FRAMEWORK_SEARCH_PATHS = (
					"$(inherited)",
					"$(DEVELOPER_FRAMEWORKS_DIR)",
				);
				GCC_PREPROCESSOR_DEFINITIONS = (
					_OSX,
					_ARM64,
					"OBJECK_LIB_PATH=\".\"",
				);
				GCC_WARN_64_TO_32_BIT_CONVERSION = NO;
				GCC_WARN_ABOUT_DEPRECATED_FUNCTIONS = NO;
				GCC_WARN_UNINITIALIZED_AUTOS = YES;
				GCC_WARN_UNUSED_FUNCTION = NO;
				"HEADER_SEARCH_PATHS[arch=*]" = ../../lib/openssl/macos/include;
				LIBRARY_SEARCH_PATHS = (
					"$(inherited)",
					"$(SDKROOT)/usr/lib/system",
				);
				MACOSX_DEPLOYMENT_TARGET = 11.0;
				ONLY_ACTIVE_ARCH = YES;
				"OTHER_LDFLAGS[arch=*]" = (
					"-Wl,../../lib/openssl/macos/arm64/libssl.a",
					"-Wl,../../lib/openssl/macos/arm64/libcrypto.a",
					"-lz",
				);
				PRELINK_LIBS = "";
				PRODUCT_NAME = obr;
				PROVISIONING_PROFILE_SPECIFIER = "";
			};
			name = Release;
		};
/* End XCBuildConfiguration section */

/* Begin XCConfigurationList section */
		255B2D581966EF5400AF1F2E /* Build configuration list for PBXProject "VM" */ = {
			isa = XCConfigurationList;
			buildConfigurations = (
				255B2D641966EF5400AF1F2E /* Debug */,
				255B2D651966EF5400AF1F2E /* Release */,
			);
			defaultConfigurationIsVisible = 0;
			defaultConfigurationName = Release;
		};
		EDFEDD8C256EE38100382F3F /* Build configuration list for PBXNativeTarget "VM-A64" */ = {
			isa = XCConfigurationList;
			buildConfigurations = (
				EDFEDD8D256EE38100382F3F /* Debug */,
				EDFEDD8E256EE38100382F3F /* Release */,
			);
			defaultConfigurationIsVisible = 0;
			defaultConfigurationName = Release;
		};
/* End XCConfigurationList section */
	};
	rootObject = 255B2D551966EF5400AF1F2E /* Project object */;
}
