// !$*UTF8*$!
{
	archiveVersion = 1;
	classes = {
	};
	objectVersion = 53;
	objects = {

/* Begin PBXBuildFile section */
		ED53941F261369610085A5F8 /* common.cpp in Sources */ = {isa = PBXBuildFile; fileRef = ED539413261369610085A5F8 /* common.cpp */; };
		ED539421261369610085A5F8 /* loader.cpp in Sources */ = {isa = PBXBuildFile; fileRef = ED539417261369610085A5F8 /* loader.cpp */; };
		ED539422261369610085A5F8 /* interpreter.cpp in Sources */ = {isa = PBXBuildFile; fileRef = ED539419261369610085A5F8 /* interpreter.cpp */; };
		ED539423261369610085A5F8 /* posix_main.cpp in Sources */ = {isa = PBXBuildFile; fileRef = ED53941B261369610085A5F8 /* posix_main.cpp */; };
		ED539424261369610085A5F8 /* vm.cpp in Sources */ = {isa = PBXBuildFile; fileRef = ED53941E261369610085A5F8 /* vm.cpp */; };
		ED539428261369760085A5F8 /* memory.cpp in Sources */ = {isa = PBXBuildFile; fileRef = ED539426261369760085A5F8 /* memory.cpp */; };
		ED53942C2613698C0085A5F8 /* jit_arm_a64.cpp in Sources */ = {isa = PBXBuildFile; fileRef = ED53942A2613698C0085A5F8 /* jit_arm_a64.cpp */; };
		ED539434261369A20085A5F8 /* logger.cpp in Sources */ = {isa = PBXBuildFile; fileRef = ED539432261369A20085A5F8 /* logger.cpp */; };
		EDE14A6328FB4D21004D4C25 /* jit_common.cpp in Sources */ = {isa = PBXBuildFile; fileRef = EDE14A6228FB4D21004D4C25 /* jit_common.cpp */; };
/* End PBXBuildFile section */

/* Begin PBXCopyFilesBuildPhase section */
		EDFEDD8A256EE38100382F3F /* Copy Files */ = {
			isa = PBXCopyFilesBuildPhase;
			buildActionMask = 2147483647;
			dstPath = /usr/share/man/man1/;
			dstSubfolderSpec = 0;
			files = (
			);
			name = "Copy Files";
			runOnlyForDeploymentPostprocessing = 1;
		};
/* End PBXCopyFilesBuildPhase section */

/* Begin PBXFileReference section */
		ED539413261369610085A5F8 /* common.cpp */ = {isa = PBXFileReference; fileEncoding = 4; lastKnownFileType = sourcecode.cpp.cpp; name = common.cpp; path = ../common.cpp; sourceTree = "<group>"; };
		ED539415261369610085A5F8 /* common.h */ = {isa = PBXFileReference; fileEncoding = 4; lastKnownFileType = sourcecode.c.h; name = common.h; path = ../common.h; sourceTree = "<group>"; };
		ED539416261369610085A5F8 /* loader.h */ = {isa = PBXFileReference; fileEncoding = 4; lastKnownFileType = sourcecode.c.h; name = loader.h; path = ../loader.h; sourceTree = "<group>"; };
		ED539417261369610085A5F8 /* loader.cpp */ = {isa = PBXFileReference; fileEncoding = 4; lastKnownFileType = sourcecode.cpp.cpp; name = loader.cpp; path = ../loader.cpp; sourceTree = "<group>"; };
		ED539419261369610085A5F8 /* interpreter.cpp */ = {isa = PBXFileReference; fileEncoding = 4; lastKnownFileType = sourcecode.cpp.cpp; name = interpreter.cpp; path = ../interpreter.cpp; sourceTree = "<group>"; };
		ED53941A261369610085A5F8 /* lib_api.h */ = {isa = PBXFileReference; fileEncoding = 4; lastKnownFileType = sourcecode.c.h; name = lib_api.h; path = ../lib_api.h; sourceTree = "<group>"; };
		ED53941B261369610085A5F8 /* posix_main.cpp */ = {isa = PBXFileReference; fileEncoding = 4; lastKnownFileType = sourcecode.cpp.cpp; name = posix_main.cpp; path = ../posix_main.cpp; sourceTree = "<group>"; };
		ED53941C261369610085A5F8 /* interpreter.h */ = {isa = PBXFileReference; fileEncoding = 4; lastKnownFileType = sourcecode.c.h; name = interpreter.h; path = ../interpreter.h; sourceTree = "<group>"; };
		ED53941D261369610085A5F8 /* vm.h */ = {isa = PBXFileReference; fileEncoding = 4; lastKnownFileType = sourcecode.c.h; name = vm.h; path = ../vm.h; sourceTree = "<group>"; };
		ED53941E261369610085A5F8 /* vm.cpp */ = {isa = PBXFileReference; fileEncoding = 4; lastKnownFileType = sourcecode.cpp.cpp; name = vm.cpp; path = ../vm.cpp; sourceTree = "<group>"; };
		ED539426261369760085A5F8 /* memory.cpp */ = {isa = PBXFileReference; fileEncoding = 4; lastKnownFileType = sourcecode.cpp.cpp; name = memory.cpp; path = ../arch/memory.cpp; sourceTree = "<group>"; };
		ED539427261369760085A5F8 /* memory.h */ = {isa = PBXFileReference; fileEncoding = 4; lastKnownFileType = sourcecode.c.h; name = memory.h; path = ../arch/memory.h; sourceTree = "<group>"; };
		ED53942A2613698C0085A5F8 /* jit_arm_a64.cpp */ = {isa = PBXFileReference; fileEncoding = 4; lastKnownFileType = sourcecode.cpp.cpp; name = jit_arm_a64.cpp; path = ../arch/jit/arm64/jit_arm_a64.cpp; sourceTree = "<group>"; };
		ED53942B2613698C0085A5F8 /* jit_arm_a64.h */ = {isa = PBXFileReference; fileEncoding = 4; lastKnownFileType = sourcecode.c.h; name = jit_arm_a64.h; path = ../arch/jit/arm64/jit_arm_a64.h; sourceTree = "<group>"; };
		ED53942E261369A20085A5F8 /* logger.h */ = {isa = PBXFileReference; fileEncoding = 4; lastKnownFileType = sourcecode.c.h; name = logger.h; path = ../../shared/logger.h; sourceTree = "<group>"; };
		ED53942F261369A20085A5F8 /* version.h */ = {isa = PBXFileReference; fileEncoding = 4; lastKnownFileType = sourcecode.c.h; name = version.h; path = ../../shared/version.h; sourceTree = "<group>"; };
		ED539430261369A20085A5F8 /* instrs.h */ = {isa = PBXFileReference; fileEncoding = 4; lastKnownFileType = sourcecode.c.h; name = instrs.h; path = ../../shared/instrs.h; sourceTree = "<group>"; };
		ED539431261369A20085A5F8 /* traps.h */ = {isa = PBXFileReference; fileEncoding = 4; lastKnownFileType = sourcecode.c.h; name = traps.h; path = ../../shared/traps.h; sourceTree = "<group>"; };
		ED539432261369A20085A5F8 /* logger.cpp */ = {isa = PBXFileReference; fileEncoding = 4; lastKnownFileType = sourcecode.cpp.cpp; name = logger.cpp; path = ../../shared/logger.cpp; sourceTree = "<group>"; };
		ED539433261369A20085A5F8 /* sys.h */ = {isa = PBXFileReference; fileEncoding = 4; lastKnownFileType = sourcecode.c.h; name = sys.h; path = ../../shared/sys.h; sourceTree = "<group>"; };
		ED563F572570075600791CB7 /* VM-A64.entitlements */ = {isa = PBXFileReference; lastKnownFileType = text.plist.entitlements; path = "VM-A64.entitlements"; sourceTree = "<group>"; };
		EDE14A6128FB4D21004D4C25 /* jit_common.h */ = {isa = PBXFileReference; fileEncoding = 4; lastKnownFileType = sourcecode.c.h; name = jit_common.h; path = ../arch/jit/jit_common.h; sourceTree = "<group>"; };
		EDE14A6228FB4D21004D4C25 /* jit_common.cpp */ = {isa = PBXFileReference; fileEncoding = 4; lastKnownFileType = sourcecode.cpp.cpp; name = jit_common.cpp; path = ../arch/jit/jit_common.cpp; sourceTree = "<group>"; };
		EDFEDD8F256EE38100382F3F /* obr */ = {isa = PBXFileReference; explicitFileType = "compiled.mach-o.executable"; includeInIndex = 0; path = obr; sourceTree = BUILT_PRODUCTS_DIR; };
/* End PBXFileReference section */

/* Begin PBXFrameworksBuildPhase section */
		EDFEDD87256EE38100382F3F /* Frameworks */ = {
			isa = PBXFrameworksBuildPhase;
			buildActionMask = 2147483647;
			files = (
			);
			runOnlyForDeploymentPostprocessing = 0;
		};
/* End PBXFrameworksBuildPhase section */

/* Begin PBXGroup section */
		255B2D541966EF5400AF1F2E = {
			isa = PBXGroup;
			children = (
				ED539412261369390085A5F8 /* VM */,
				ED563F572570075600791CB7 /* VM-A64.entitlements */,
				255B2D5E1966EF5400AF1F2E /* Products */,
			);
			indentWidth = 2;
			sourceTree = "<group>";
			tabWidth = 2;
		};
		255B2D5E1966EF5400AF1F2E /* Products */ = {
			isa = PBXGroup;
			children = (
				EDFEDD8F256EE38100382F3F /* obr */,
			);
			name = Products;
			sourceTree = "<group>";
		};
		ED539412261369390085A5F8 /* VM */ = {
			isa = PBXGroup;
			children = (
				ED539430261369A20085A5F8 /* instrs.h */,
				ED539432261369A20085A5F8 /* logger.cpp */,
				ED53942E261369A20085A5F8 /* logger.h */,
				ED539433261369A20085A5F8 /* sys.h */,
				ED539431261369A20085A5F8 /* traps.h */,
				ED53942F261369A20085A5F8 /* version.h */,
				ED53942A2613698C0085A5F8 /* jit_arm_a64.cpp */,
				ED53942B2613698C0085A5F8 /* jit_arm_a64.h */,
				ED539426261369760085A5F8 /* memory.cpp */,
				ED539427261369760085A5F8 /* memory.h */,
				ED539413261369610085A5F8 /* common.cpp */,
				ED539415261369610085A5F8 /* common.h */,
				ED539419261369610085A5F8 /* interpreter.cpp */,
				ED53941C261369610085A5F8 /* interpreter.h */,
				ED53941A261369610085A5F8 /* lib_api.h */,
				EDE14A6228FB4D21004D4C25 /* jit_common.cpp */,
				EDE14A6128FB4D21004D4C25 /* jit_common.h */,
				ED539417261369610085A5F8 /* loader.cpp */,
				ED539416261369610085A5F8 /* loader.h */,
				ED53941B261369610085A5F8 /* posix_main.cpp */,
				ED53941E261369610085A5F8 /* vm.cpp */,
				ED53941D261369610085A5F8 /* vm.h */,
			);
			name = VM;
			sourceTree = "<group>";
		};
/* End PBXGroup section */

/* Begin PBXNativeTarget section */
		EDFEDD7E256EE38100382F3F /* VM-A64 */ = {
			isa = PBXNativeTarget;
			buildConfigurationList = EDFEDD8C256EE38100382F3F /* Build configuration list for PBXNativeTarget "VM-A64" */;
			buildPhases = (
				EDFEDD7F256EE38100382F3F /* Sources */,
				EDFEDD87256EE38100382F3F /* Frameworks */,
				EDFEDD8A256EE38100382F3F /* Copy Files */,
			);
			buildRules = (
			);
			dependencies = (
			);
			name = "VM-A64";
			productName = "Xcode-VM";
			productReference = EDFEDD8F256EE38100382F3F /* obr */;
			productType = "com.apple.product-type.tool";
		};
/* End PBXNativeTarget section */

/* Begin PBXProject section */
		255B2D551966EF5400AF1F2E /* Project object */ = {
			isa = PBXProject;
			attributes = {
				BuildIndependentTargetsInParallel = YES;
				LastUpgradeCheck = 1430;
				ORGANIZATIONNAME = "Randy Hollines";
				TargetAttributes = {
					EDFEDD7E256EE38100382F3F = {
						DevelopmentTeam = 37JDXYTCG2;
						ProvisioningStyle = Automatic;
					};
				};
			};
			buildConfigurationList = 255B2D581966EF5400AF1F2E /* Build configuration list for PBXProject "VM" */;
			compatibilityVersion = "Xcode 3.2";
			developmentRegion = en;
			hasScannedForEncodings = 0;
			knownRegions = (
				en,
				Base,
			);
			mainGroup = 255B2D541966EF5400AF1F2E;
			productRefGroup = 255B2D5E1966EF5400AF1F2E /* Products */;
			projectDirPath = "";
			projectRoot = "";
			targets = (
				EDFEDD7E256EE38100382F3F /* VM-A64 */,
			);
		};
/* End PBXProject section */

/* Begin PBXSourcesBuildPhase section */
		EDFEDD7F256EE38100382F3F /* Sources */ = {
			isa = PBXSourcesBuildPhase;
			buildActionMask = 2147483647;
			files = (
				ED53942C2613698C0085A5F8 /* jit_arm_a64.cpp in Sources */,
				ED539422261369610085A5F8 /* interpreter.cpp in Sources */,
				ED53941F261369610085A5F8 /* common.cpp in Sources */,
				EDE14A6328FB4D21004D4C25 /* jit_common.cpp in Sources */,
				ED539434261369A20085A5F8 /* logger.cpp in Sources */,
				ED539421261369610085A5F8 /* loader.cpp in Sources */,
				ED539424261369610085A5F8 /* vm.cpp in Sources */,
				ED539428261369760085A5F8 /* memory.cpp in Sources */,
				ED539423261369610085A5F8 /* posix_main.cpp in Sources */,
			);
			runOnlyForDeploymentPostprocessing = 0;
		};
/* End PBXSourcesBuildPhase section */

/* Begin XCBuildConfiguration section */
		255B2D641966EF5400AF1F2E /* Debug */ = {
			isa = XCBuildConfiguration;
			buildSettings = {
				ALWAYS_SEARCH_USER_PATHS = NO;
				CLANG_CXX_LANGUAGE_STANDARD = "c++17";
				CLANG_CXX_LIBRARY = "libc++";
				CLANG_ENABLE_MODULES = YES;
				CLANG_ENABLE_OBJC_ARC = YES;
				CLANG_WARN_BLOCK_CAPTURE_AUTORELEASING = YES;
				CLANG_WARN_BOOL_CONVERSION = YES;
				CLANG_WARN_COMMA = YES;
				CLANG_WARN_CONSTANT_CONVERSION = YES;
				CLANG_WARN_DEPRECATED_OBJC_IMPLEMENTATIONS = YES;
				CLANG_WARN_DIRECT_OBJC_ISA_USAGE = YES_ERROR;
				CLANG_WARN_EMPTY_BODY = YES;
				CLANG_WARN_ENUM_CONVERSION = YES;
				CLANG_WARN_INFINITE_RECURSION = YES;
				CLANG_WARN_INT_CONVERSION = YES;
				CLANG_WARN_NON_LITERAL_NULL_CONVERSION = YES;
				CLANG_WARN_OBJC_IMPLICIT_RETAIN_SELF = YES;
				CLANG_WARN_OBJC_LITERAL_CONVERSION = YES;
				CLANG_WARN_OBJC_ROOT_CLASS = YES_ERROR;
				CLANG_WARN_QUOTED_INCLUDE_IN_FRAMEWORK_HEADER = YES;
				CLANG_WARN_RANGE_LOOP_ANALYSIS = YES;
				CLANG_WARN_STRICT_PROTOTYPES = YES;
				CLANG_WARN_SUSPICIOUS_MOVE = YES;
				CLANG_WARN_UNREACHABLE_CODE = YES;
				CLANG_WARN__DUPLICATE_METHOD_MATCH = YES;
				COPY_PHASE_STRIP = NO;
				DEAD_CODE_STRIPPING = YES;
				ENABLE_STRICT_OBJC_MSGSEND = YES;
				ENABLE_TESTABILITY = YES;
				GCC_C_LANGUAGE_STANDARD = gnu99;
				GCC_DYNAMIC_NO_PIC = NO;
				GCC_ENABLE_OBJC_EXCEPTIONS = YES;
				GCC_NO_COMMON_BLOCKS = YES;
				GCC_OPTIMIZATION_LEVEL = 0;
				GCC_PREPROCESSOR_DEFINITIONS = (
					"DEBUG=1",
					"$(inherited)",
				);
				GCC_SYMBOLS_PRIVATE_EXTERN = NO;
				GCC_WARN_64_TO_32_BIT_CONVERSION = NO;
				GCC_WARN_ABOUT_RETURN_TYPE = YES_ERROR;
				GCC_WARN_UNDECLARED_SELECTOR = YES;
				GCC_WARN_UNINITIALIZED_AUTOS = YES_AGGRESSIVE;
				GCC_WARN_UNUSED_FUNCTION = NO;
				GCC_WARN_UNUSED_VARIABLE = YES;
				MACOSX_DEPLOYMENT_TARGET = 13.3;
				ONLY_ACTIVE_ARCH = YES;
				"OTHER_LDFLAGS[arch=*]" = "-lz";
				SDKROOT = macosx;
			};
			name = Debug;
		};
		255B2D651966EF5400AF1F2E /* Release */ = {
			isa = XCBuildConfiguration;
			buildSettings = {
				ALWAYS_SEARCH_USER_PATHS = NO;
				CLANG_CXX_LANGUAGE_STANDARD = "c++17";
				CLANG_CXX_LIBRARY = "libc++";
				CLANG_ENABLE_MODULES = YES;
				CLANG_ENABLE_OBJC_ARC = YES;
				CLANG_WARN_BLOCK_CAPTURE_AUTORELEASING = YES;
				CLANG_WARN_BOOL_CONVERSION = YES;
				CLANG_WARN_COMMA = YES;
				CLANG_WARN_CONSTANT_CONVERSION = YES;
				CLANG_WARN_DEPRECATED_OBJC_IMPLEMENTATIONS = YES;
				CLANG_WARN_DIRECT_OBJC_ISA_USAGE = YES_ERROR;
				CLANG_WARN_EMPTY_BODY = YES;
				CLANG_WARN_ENUM_CONVERSION = YES;
				CLANG_WARN_INFINITE_RECURSION = YES;
				CLANG_WARN_INT_CONVERSION = YES;
				CLANG_WARN_NON_LITERAL_NULL_CONVERSION = YES;
				CLANG_WARN_OBJC_IMPLICIT_RETAIN_SELF = YES;
				CLANG_WARN_OBJC_LITERAL_CONVERSION = YES;
				CLANG_WARN_OBJC_ROOT_CLASS = YES_ERROR;
				CLANG_WARN_QUOTED_INCLUDE_IN_FRAMEWORK_HEADER = YES;
				CLANG_WARN_RANGE_LOOP_ANALYSIS = YES;
				CLANG_WARN_STRICT_PROTOTYPES = YES;
				CLANG_WARN_SUSPICIOUS_MOVE = YES;
				CLANG_WARN_UNREACHABLE_CODE = YES;
				CLANG_WARN__DUPLICATE_METHOD_MATCH = YES;
				COPY_PHASE_STRIP = YES;
				DEAD_CODE_STRIPPING = YES;
				DEBUG_INFORMATION_FORMAT = "dwarf-with-dsym";
				ENABLE_NS_ASSERTIONS = NO;
				ENABLE_STRICT_OBJC_MSGSEND = YES;
				GCC_C_LANGUAGE_STANDARD = gnu99;
				GCC_ENABLE_OBJC_EXCEPTIONS = YES;
				GCC_NO_COMMON_BLOCKS = YES;
				GCC_WARN_64_TO_32_BIT_CONVERSION = NO;
				GCC_WARN_ABOUT_RETURN_TYPE = YES_ERROR;
				GCC_WARN_UNDECLARED_SELECTOR = YES;
				GCC_WARN_UNINITIALIZED_AUTOS = YES_AGGRESSIVE;
				GCC_WARN_UNUSED_FUNCTION = NO;
				GCC_WARN_UNUSED_VARIABLE = YES;
				MACOSX_DEPLOYMENT_TARGET = 13.3;
				"OTHER_LDFLAGS[arch=*]" = "-lz";
				SDKROOT = macosx;
			};
			name = Release;
		};
		EDFEDD8D256EE38100382F3F /* Debug */ = {
			isa = XCBuildConfiguration;
			buildSettings = {
				CLANG_WARN_INT_CONVERSION = YES;
				CODE_SIGN_ENTITLEMENTS = "VM-A64.entitlements";
				CODE_SIGN_IDENTITY = "Mac Developer";
				CODE_SIGN_STYLE = Automatic;
				DEAD_CODE_STRIPPING = YES;
				DEVELOPMENT_TEAM = 37JDXYTCG2;
				ENABLE_HARDENED_RUNTIME = YES;
				EXCLUDED_ARCHS = x86_64;
				FRAMEWORK_SEARCH_PATHS = (
					"$(inherited)",
					"$(DEVELOPER_FRAMEWORKS_DIR)",
				);
				GCC_PREPROCESSOR_DEFINITIONS = (
					_OSX,
					_ARM64,
				);
				GCC_WARN_64_TO_32_BIT_CONVERSION = NO;
				GCC_WARN_ABOUT_DEPRECATED_FUNCTIONS = NO;
				GCC_WARN_UNINITIALIZED_AUTOS = YES;
				GCC_WARN_UNUSED_FUNCTION = NO;
				HEADER_SEARCH_PATHS = ../../lib/openssl/macos/include;
				"HEADER_SEARCH_PATHS[arch=*]" = ../../lib/openssl/macos/include;
				LIBRARY_SEARCH_PATHS = (
					"$(inherited)",
					"$(SDKROOT)/usr/lib/system",
				);
				MACOSX_DEPLOYMENT_TARGET = 13.3;
				OTHER_LDFLAGS = (
					"-Wl,../../lib/openssl/macos/arm64/libmbedtls.a",
					"-Wl,../../lib/openssl/macos/arm64/libmbedx509.a",
					"-Wl,../../lib/openssl/macos/arm64/libmbedcrypto.a",
					"-lz",
				);
				PRELINK_LIBS = "";
				PRODUCT_NAME = obr;
				PROVISIONING_PROFILE_SPECIFIER = "";
				STRINGS_FILE_OUTPUT_ENCODING = "UTF-8";
			};
			name = Debug;
		};
		EDFEDD8E256EE38100382F3F /* Release */ = {
			isa = XCBuildConfiguration;
			buildSettings = {
				CLANG_WARN_INT_CONVERSION = YES;
				CODE_SIGN_ENTITLEMENTS = "VM-A64.entitlements";
				CODE_SIGN_IDENTITY = "Mac Developer";
				CODE_SIGN_STYLE = Automatic;
				DEAD_CODE_STRIPPING = YES;
				DEVELOPMENT_TEAM = 37JDXYTCG2;
				ENABLE_HARDENED_RUNTIME = YES;
				EXCLUDED_ARCHS = x86_64;
				FRAMEWORK_SEARCH_PATHS = (
					"$(inherited)",
					"$(DEVELOPER_FRAMEWORKS_DIR)",
				);
				GCC_PREPROCESSOR_DEFINITIONS = (
					_OSX,
					_ARM64,
					_OBJECK_NATIVE_LIB_PATH,
				);
				GCC_WARN_64_TO_32_BIT_CONVERSION = NO;
				GCC_WARN_ABOUT_DEPRECATED_FUNCTIONS = NO;
				GCC_WARN_UNINITIALIZED_AUTOS = YES;
				GCC_WARN_UNUSED_FUNCTION = NO;
				HEADER_SEARCH_PATHS = ../../lib/openssl/macos/include;
				"HEADER_SEARCH_PATHS[arch=*]" = ../../lib/openssl/macos/include;
				LIBRARY_SEARCH_PATHS = (
					"$(inherited)",
					"$(SDKROOT)/usr/lib/system",
				);
				MACOSX_DEPLOYMENT_TARGET = 13.3;
				ONLY_ACTIVE_ARCH = YES;
				OTHER_LDFLAGS = (
					"-Wl,../../lib/openssl/macos/arm64/libmbedtls.a",
					"-Wl,../../lib/openssl/macos/arm64/libmbedx509.a",
					"-Wl,../../lib/openssl/macos/arm64/libmbedcrypto.a",
					"-lz",
				);
				PRELINK_LIBS = "";
				PRODUCT_NAME = obr;
				PROVISIONING_PROFILE_SPECIFIER = "";
				STRINGS_FILE_OUTPUT_ENCODING = "UTF-8";
			};
			name = Release;
		};
/* End XCBuildConfiguration section */

/* Begin XCConfigurationList section */
		255B2D581966EF5400AF1F2E /* Build configuration list for PBXProject "VM" */ = {
			isa = XCConfigurationList;
			buildConfigurations = (
				255B2D641966EF5400AF1F2E /* Debug */,
				255B2D651966EF5400AF1F2E /* Release */,
			);
			defaultConfigurationIsVisible = 0;
			defaultConfigurationName = Release;
		};
		EDFEDD8C256EE38100382F3F /* Build configuration list for PBXNativeTarget "VM-A64" */ = {
			isa = XCConfigurationList;
			buildConfigurations = (
				EDFEDD8D256EE38100382F3F /* Debug */,
				EDFEDD8E256EE38100382F3F /* Release */,
			);
			defaultConfigurationIsVisible = 0;
			defaultConfigurationName = Release;
		};
/* End XCConfigurationList section */
	};
	rootObject = 255B2D551966EF5400AF1F2E /* Project object */;
}
