
Microsoft Visual Studio Solution File, Format Version 12.00
# Visual Studio 2012
Project("{8BC9CEB8-8B4A-11D0-8D11-00A0C91BC942}") = "openssl", "openssl\openssl.vcxproj", "{A08C73D2-C6BE-4E52-8482-3025005C72AE}"
EndProject
Global
	GlobalSection(SolutionConfigurationPlatforms) = preSolution
		Debug|Win32 = Debug|Win32
		Release|Win32 = Release|Win32
	EndGlobalSection
	GlobalSection(ProjectConfigurationPlatforms) = postSolution
		{A08C73D2-C6BE-4E52-8482-3025005C72AE}.Debug|Win32.ActiveCfg = Debug|Win32
		{A08C73D2-C6BE-4E52-8482-3025005C72AE}.Debug|Win32.Build.0 = Debug|Win32
		{A08C73D2-C6BE-4E52-8482-3025005C72AE}.Release|Win32.ActiveCfg = Release|Win32
		{A08C73D2-C6BE-4E52-8482-3025005C72AE}.Release|Win32.Build.0 = Release|Win32
	EndGlobalSection
	GlobalSection(SolutionProperties) = preSolution
		HideSolutionNode = FALSE
	EndGlobalSection
EndGlobal
