
Microsoft Visual Studio Solution File, Format Version 12.00
# Visual Studio Version 17
VisualStudioVersion = 17.3.32929.385
MinimumVisualStudioVersion = 10.0.40219.1
Project("{8BC9CEB8-8B4A-11D0-8D11-00A0C91BC942}") = "compiler", "..\compiler\vs\compiler.vcxproj", "{05A8A446-F7A8-4BB8-A958-80E526411C1C}"
EndProject
Project("{8BC9CEB8-8B4A-11D0-8D11-00A0C91BC942}") = "debugger", "..\debugger\vs\debugger.vcxproj", "{0C5D8718-8E41-4AA2-A3C7-10FC2944E27F}"
EndProject
Project("{8BC9CEB8-8B4A-11D0-8D11-00A0C91BC942}") = "vm", "..\vm\vs\vm.vcxproj", "{321339EE-4392-4BFE-9B15-A852CD25714D}"
EndProject
Global
	GlobalSection(SolutionConfigurationPlatforms) = preSolution
		Debug|x64 = Debug|x64
		Debug|x86 = Debug|x86
		Release|x64 = Release|x64
		Release|x86 = Release|x86
	EndGlobalSection
	GlobalSection(ProjectConfigurationPlatforms) = postSolution
		{05A8A446-F7A8-4BB8-A958-80E526411C1C}.Debug|x64.ActiveCfg = Debug|x64
		{05A8A446-F7A8-4BB8-A958-80E526411C1C}.Debug|x64.Build.0 = Debug|x64
		{05A8A446-F7A8-4BB8-A958-80E526411C1C}.Debug|x86.ActiveCfg = Debug|Win32
		{05A8A446-F7A8-4BB8-A958-80E526411C1C}.Debug|x86.Build.0 = Debug|Win32
		{05A8A446-F7A8-4BB8-A958-80E526411C1C}.Release|x64.ActiveCfg = Release|x64
		{05A8A446-F7A8-4BB8-A958-80E526411C1C}.Release|x64.Build.0 = Release|x64
		{05A8A446-F7A8-4BB8-A958-80E526411C1C}.Release|x86.ActiveCfg = Release|Win32
		{05A8A446-F7A8-4BB8-A958-80E526411C1C}.Release|x86.Build.0 = Release|Win32
		{0C5D8718-8E41-4AA2-A3C7-10FC2944E27F}.Debug|x64.ActiveCfg = Debug|x64
		{0C5D8718-8E41-4AA2-A3C7-10FC2944E27F}.Debug|x64.Build.0 = Debug|x64
		{0C5D8718-8E41-4AA2-A3C7-10FC2944E27F}.Debug|x64.Deploy.0 = Debug|x64
		{0C5D8718-8E41-4AA2-A3C7-10FC2944E27F}.Debug|x86.ActiveCfg = Debug|Win32
		{0C5D8718-8E41-4AA2-A3C7-10FC2944E27F}.Debug|x86.Build.0 = Debug|Win32
		{0C5D8718-8E41-4AA2-A3C7-10FC2944E27F}.Release|x64.ActiveCfg = Release|x64
		{0C5D8718-8E41-4AA2-A3C7-10FC2944E27F}.Release|x64.Build.0 = Release|x64
		{0C5D8718-8E41-4AA2-A3C7-10FC2944E27F}.Release|x64.Deploy.0 = Release|x64
		{0C5D8718-8E41-4AA2-A3C7-10FC2944E27F}.Release|x86.ActiveCfg = Release|Win32
		{0C5D8718-8E41-4AA2-A3C7-10FC2944E27F}.Release|x86.Build.0 = Release|Win32
		{321339EE-4392-4BFE-9B15-A852CD25714D}.Debug|x64.ActiveCfg = Debug|x64
		{321339EE-4392-4BFE-9B15-A852CD25714D}.Debug|x64.Build.0 = Debug|x64
		{321339EE-4392-4BFE-9B15-A852CD25714D}.Debug|x64.Deploy.0 = Debug|x64
		{321339EE-4392-4BFE-9B15-A852CD25714D}.Debug|x86.ActiveCfg = Debug|Win32
		{321339EE-4392-4BFE-9B15-A852CD25714D}.Debug|x86.Build.0 = Debug|Win32
		{321339EE-4392-4BFE-9B15-A852CD25714D}.Release|x64.ActiveCfg = Release|x64
		{321339EE-4392-4BFE-9B15-A852CD25714D}.Release|x64.Build.0 = Release|x64
		{321339EE-4392-4BFE-9B15-A852CD25714D}.Release|x64.Deploy.0 = Release|x64
		{321339EE-4392-4BFE-9B15-A852CD25714D}.Release|x86.ActiveCfg = Release|Win32
		{321339EE-4392-4BFE-9B15-A852CD25714D}.Release|x86.Build.0 = Release|Win32
	EndGlobalSection
	GlobalSection(SolutionProperties) = preSolution
		HideSolutionNode = FALSE
	EndGlobalSection
	GlobalSection(ExtensibilityGlobals) = postSolution
		SolutionGuid = {29CF83C8-8948-45FC-90BE-9159FAA41F34}
	EndGlobalSection
EndGlobal
