// !$*UTF8*$!
{
	archiveVersion = 1;
	classes = {
	};
	objectVersion = 53;
	objects = {

/* Begin PBXBuildFile section */
		ED53944326136AEB0085A5F8 /* scanner.cpp in Sources */ = {isa = PBXBuildFile; fileRef = ED53943D26136AEB0085A5F8 /* scanner.cpp */; };
		ED53944426136AEB0085A5F8 /* debugger.cpp in Sources */ = {isa = PBXBuildFile; fileRef = ED53944026136AEB0085A5F8 /* debugger.cpp */; };
		ED53944526136AEB0085A5F8 /* parser.cpp in Sources */ = {isa = PBXBuildFile; fileRef = ED53944126136AEB0085A5F8 /* parser.cpp */; };
		ED53944626136AEB0085A5F8 /* tree.cpp in Sources */ = {isa = PBXBuildFile; fileRef = ED53944226136AEB0085A5F8 /* tree.cpp */; };
		ED53944E26136AFD0085A5F8 /* logger.cpp in Sources */ = {isa = PBXBuildFile; fileRef = ED53944926136AFD0085A5F8 /* logger.cpp */; };
		ED53945226136B0D0085A5F8 /* memory.cpp in Sources */ = {isa = PBXBuildFile; fileRef = ED53945126136B0D0085A5F8 /* memory.cpp */; };
		ED53945C26136B480085A5F8 /* loader.cpp in Sources */ = {isa = PBXBuildFile; fileRef = ED53945726136B480085A5F8 /* loader.cpp */; };
		ED53945D26136B480085A5F8 /* common.cpp in Sources */ = {isa = PBXBuildFile; fileRef = ED53945826136B480085A5F8 /* common.cpp */; };
		ED53945E26136B480085A5F8 /* interpreter.cpp in Sources */ = {isa = PBXBuildFile; fileRef = ED53945A26136B480085A5F8 /* interpreter.cpp */; };
		ED53945F26136B480085A5F8 /* vm.cpp in Sources */ = {isa = PBXBuildFile; fileRef = ED53945B26136B480085A5F8 /* vm.cpp */; };
		ED53946326136B600085A5F8 /* jit_arm_a64.cpp in Sources */ = {isa = PBXBuildFile; fileRef = ED53946126136B600085A5F8 /* jit_arm_a64.cpp */; };
		EDE14A6828FB4E41004D4C25 /* jit_common.cpp in Sources */ = {isa = PBXBuildFile; fileRef = EDE14A6728FB4E41004D4C25 /* jit_common.cpp */; };
/* End PBXBuildFile section */

/* Begin PBXCopyFilesBuildPhase section */
		ED4797F62599037700E103DA /* CopyFiles */ = {
			isa = PBXCopyFilesBuildPhase;
			buildActionMask = 2147483647;
			dstPath = /usr/share/man/man1/;
			dstSubfolderSpec = 0;
			files = (
			);
			runOnlyForDeploymentPostprocessing = 1;
		};
/* End PBXCopyFilesBuildPhase section */

/* Begin PBXFileReference section */
		ED4797F82599037700E103DA /* obd */ = {isa = PBXFileReference; explicitFileType = "compiled.mach-o.executable"; includeInIndex = 0; path = obd; sourceTree = BUILT_PRODUCTS_DIR; };
		ED4F5C2E2628CA130046B539 /* obd.entitlements */ = {isa = PBXFileReference; lastKnownFileType = text.plist.entitlements; path = obd.entitlements; sourceTree = "<group>"; };
		ED53943B26136AEB0085A5F8 /* scanner.h */ = {isa = PBXFileReference; fileEncoding = 4; lastKnownFileType = sourcecode.c.h; name = scanner.h; path = ../scanner.h; sourceTree = "<group>"; };
		ED53943C26136AEB0085A5F8 /* parser.h */ = {isa = PBXFileReference; fileEncoding = 4; lastKnownFileType = sourcecode.c.h; name = parser.h; path = ../parser.h; sourceTree = "<group>"; };
		ED53943D26136AEB0085A5F8 /* scanner.cpp */ = {isa = PBXFileReference; fileEncoding = 4; lastKnownFileType = sourcecode.cpp.cpp; name = scanner.cpp; path = ../scanner.cpp; sourceTree = "<group>"; };
		ED53943E26136AEB0085A5F8 /* tree.h */ = {isa = PBXFileReference; fileEncoding = 4; lastKnownFileType = sourcecode.c.h; name = tree.h; path = ../tree.h; sourceTree = "<group>"; };
		ED53943F26136AEB0085A5F8 /* debugger.h */ = {isa = PBXFileReference; fileEncoding = 4; indentWidth = 2; lastKnownFileType = sourcecode.c.h; name = debugger.h; path = ../debugger.h; sourceTree = "<group>"; tabWidth = 2; };
		ED53944026136AEB0085A5F8 /* debugger.cpp */ = {isa = PBXFileReference; fileEncoding = 4; indentWidth = 2; lastKnownFileType = sourcecode.cpp.cpp; name = debugger.cpp; path = ../debugger.cpp; sourceTree = "<group>"; tabWidth = 2; };
		ED53944126136AEB0085A5F8 /* parser.cpp */ = {isa = PBXFileReference; fileEncoding = 4; lastKnownFileType = sourcecode.cpp.cpp; name = parser.cpp; path = ../parser.cpp; sourceTree = "<group>"; };
		ED53944226136AEB0085A5F8 /* tree.cpp */ = {isa = PBXFileReference; fileEncoding = 4; lastKnownFileType = sourcecode.cpp.cpp; name = tree.cpp; path = ../tree.cpp; sourceTree = "<group>"; };
		ED53944826136AFD0085A5F8 /* instrs.h */ = {isa = PBXFileReference; fileEncoding = 4; lastKnownFileType = sourcecode.c.h; name = instrs.h; path = ../../shared/instrs.h; sourceTree = "<group>"; };
		ED53944926136AFD0085A5F8 /* logger.cpp */ = {isa = PBXFileReference; fileEncoding = 4; lastKnownFileType = sourcecode.cpp.cpp; name = logger.cpp; path = ../../shared/logger.cpp; sourceTree = "<group>"; };
		ED53944A26136AFD0085A5F8 /* logger.h */ = {isa = PBXFileReference; fileEncoding = 4; lastKnownFileType = sourcecode.c.h; name = logger.h; path = ../../shared/logger.h; sourceTree = "<group>"; };
		ED53944B26136AFD0085A5F8 /* sys.h */ = {isa = PBXFileReference; fileEncoding = 4; lastKnownFileType = sourcecode.c.h; name = sys.h; path = ../../shared/sys.h; sourceTree = "<group>"; };
		ED53944C26136AFD0085A5F8 /* version.h */ = {isa = PBXFileReference; fileEncoding = 4; lastKnownFileType = sourcecode.c.h; name = version.h; path = ../../shared/version.h; sourceTree = "<group>"; };
		ED53944D26136AFD0085A5F8 /* traps.h */ = {isa = PBXFileReference; fileEncoding = 4; lastKnownFileType = sourcecode.c.h; name = traps.h; path = ../../shared/traps.h; sourceTree = "<group>"; };
		ED53945026136B0D0085A5F8 /* memory.h */ = {isa = PBXFileReference; fileEncoding = 4; lastKnownFileType = sourcecode.c.h; name = memory.h; path = ../../vm/arch/memory.h; sourceTree = "<group>"; };
		ED53945126136B0D0085A5F8 /* memory.cpp */ = {isa = PBXFileReference; fileEncoding = 4; lastKnownFileType = sourcecode.cpp.cpp; name = memory.cpp; path = ../../vm/arch/memory.cpp; sourceTree = "<group>"; };
		ED53945426136B480085A5F8 /* loader.h */ = {isa = PBXFileReference; fileEncoding = 4; lastKnownFileType = sourcecode.c.h; name = loader.h; path = ../../vm/loader.h; sourceTree = "<group>"; };
		ED53945526136B480085A5F8 /* common.h */ = {isa = PBXFileReference; fileEncoding = 4; lastKnownFileType = sourcecode.c.h; name = common.h; path = ../../vm/common.h; sourceTree = "<group>"; };
		ED53945626136B480085A5F8 /* vm.h */ = {isa = PBXFileReference; fileEncoding = 4; lastKnownFileType = sourcecode.c.h; name = vm.h; path = ../../vm/vm.h; sourceTree = "<group>"; };
		ED53945726136B480085A5F8 /* loader.cpp */ = {isa = PBXFileReference; fileEncoding = 4; lastKnownFileType = sourcecode.cpp.cpp; name = loader.cpp; path = ../../vm/loader.cpp; sourceTree = "<group>"; };
		ED53945826136B480085A5F8 /* common.cpp */ = {isa = PBXFileReference; fileEncoding = 4; lastKnownFileType = sourcecode.cpp.cpp; name = common.cpp; path = ../../vm/common.cpp; sourceTree = "<group>"; };
		ED53945926136B480085A5F8 /* interpreter.h */ = {isa = PBXFileReference; fileEncoding = 4; lastKnownFileType = sourcecode.c.h; name = interpreter.h; path = ../../vm/interpreter.h; sourceTree = "<group>"; };
		ED53945A26136B480085A5F8 /* interpreter.cpp */ = {isa = PBXFileReference; fileEncoding = 4; lastKnownFileType = sourcecode.cpp.cpp; name = interpreter.cpp; path = ../../vm/interpreter.cpp; sourceTree = "<group>"; };
		ED53945B26136B480085A5F8 /* vm.cpp */ = {isa = PBXFileReference; fileEncoding = 4; lastKnownFileType = sourcecode.cpp.cpp; name = vm.cpp; path = ../../vm/vm.cpp; sourceTree = "<group>"; };
		ED53946126136B600085A5F8 /* jit_arm_a64.cpp */ = {isa = PBXFileReference; fileEncoding = 4; lastKnownFileType = sourcecode.cpp.cpp; name = jit_arm_a64.cpp; path = ../../vm/arch/jit/arm64/jit_arm_a64.cpp; sourceTree = "<group>"; };
		ED53946226136B600085A5F8 /* jit_arm_a64.h */ = {isa = PBXFileReference; fileEncoding = 4; lastKnownFileType = sourcecode.c.h; name = jit_arm_a64.h; path = ../../vm/arch/jit/arm64/jit_arm_a64.h; sourceTree = "<group>"; };
		EDE14A6628FB4E41004D4C25 /* jit_common.h */ = {isa = PBXFileReference; fileEncoding = 4; lastKnownFileType = sourcecode.c.h; name = jit_common.h; path = ../../vm/arch/jit/jit_common.h; sourceTree = "<group>"; };
		EDE14A6728FB4E41004D4C25 /* jit_common.cpp */ = {isa = PBXFileReference; fileEncoding = 4; lastKnownFileType = sourcecode.cpp.cpp; name = jit_common.cpp; path = ../../vm/arch/jit/jit_common.cpp; sourceTree = "<group>"; };
/* End PBXFileReference section */

/* Begin PBXFrameworksBuildPhase section */
		ED4797F52599037700E103DA /* Frameworks */ = {
			isa = PBXFrameworksBuildPhase;
			buildActionMask = 2147483647;
			files = (
			);
			runOnlyForDeploymentPostprocessing = 0;
		};
/* End PBXFrameworksBuildPhase section */

/* Begin PBXGroup section */
		ED4797EF2599037700E103DA = {
			isa = PBXGroup;
			children = (
				ED53943A26136AA60085A5F8 /* Debugger */,
				ED4797F92599037700E103DA /* Products */,
			);
			indentWidth = 3;
			sourceTree = "<group>";
			tabWidth = 3;
		};
		ED4797F92599037700E103DA /* Products */ = {
			isa = PBXGroup;
			children = (
				ED4797F82599037700E103DA /* obd */,
			);
			name = Products;
			sourceTree = "<group>";
		};
		ED53943A26136AA60085A5F8 /* Debugger */ = {
			isa = PBXGroup;
			children = (
				ED4F5C2E2628CA130046B539 /* obd.entitlements */,
				ED53946126136B600085A5F8 /* jit_arm_a64.cpp */,
				ED53946226136B600085A5F8 /* jit_arm_a64.h */,
				ED53945826136B480085A5F8 /* common.cpp */,
				ED53945526136B480085A5F8 /* common.h */,
				ED53945A26136B480085A5F8 /* interpreter.cpp */,
				ED53945926136B480085A5F8 /* interpreter.h */,
				ED53945726136B480085A5F8 /* loader.cpp */,
				ED53945426136B480085A5F8 /* loader.h */,
				ED53945B26136B480085A5F8 /* vm.cpp */,
				ED53945626136B480085A5F8 /* vm.h */,
				ED53945126136B0D0085A5F8 /* memory.cpp */,
				ED53945026136B0D0085A5F8 /* memory.h */,
				ED53944826136AFD0085A5F8 /* instrs.h */,
				ED53944926136AFD0085A5F8 /* logger.cpp */,
				ED53944A26136AFD0085A5F8 /* logger.h */,
				ED53944B26136AFD0085A5F8 /* sys.h */,
				ED53944D26136AFD0085A5F8 /* traps.h */,
				EDE14A6728FB4E41004D4C25 /* jit_common.cpp */,
				EDE14A6628FB4E41004D4C25 /* jit_common.h */,
				ED53944C26136AFD0085A5F8 /* version.h */,
				ED53944026136AEB0085A5F8 /* debugger.cpp */,
				ED53943F26136AEB0085A5F8 /* debugger.h */,
				ED53944126136AEB0085A5F8 /* parser.cpp */,
				ED53943C26136AEB0085A5F8 /* parser.h */,
				ED53943D26136AEB0085A5F8 /* scanner.cpp */,
				ED53943B26136AEB0085A5F8 /* scanner.h */,
				ED53944226136AEB0085A5F8 /* tree.cpp */,
				ED53943E26136AEB0085A5F8 /* tree.h */,
			);
			name = Debugger;
			sourceTree = "<group>";
		};
/* End PBXGroup section */

/* Begin PBXNativeTarget section */
		ED4797F72599037700E103DA /* Debugger */ = {
			isa = PBXNativeTarget;
			buildConfigurationList = ED4797FF2599037700E103DA /* Build configuration list for PBXNativeTarget "Debugger" */;
			buildPhases = (
				ED4797F42599037700E103DA /* Sources */,
				ED4797F52599037700E103DA /* Frameworks */,
				ED4797F62599037700E103DA /* CopyFiles */,
			);
			buildRules = (
			);
			dependencies = (
			);
			name = Debugger;
			productName = xcode;
			productReference = ED4797F82599037700E103DA /* obd */;
			productType = "com.apple.product-type.tool";
		};
/* End PBXNativeTarget section */

/* Begin PBXProject section */
		ED4797F02599037700E103DA /* Project object */ = {
			isa = PBXProject;
			attributes = {
				BuildIndependentTargetsInParallel = YES;
				LastUpgradeCheck = 1430;
				TargetAttributes = {
					ED4797F72599037700E103DA = {
						CreatedOnToolsVersion = 12.3;
					};
				};
			};
			buildConfigurationList = ED4797F32599037700E103DA /* Build configuration list for PBXProject "Debugger" */;
			compatibilityVersion = "Xcode 9.3";
			developmentRegion = en;
			hasScannedForEncodings = 0;
			knownRegions = (
				en,
				Base,
			);
			mainGroup = ED4797EF2599037700E103DA;
			productRefGroup = ED4797F92599037700E103DA /* Products */;
			projectDirPath = "";
			projectRoot = "";
			targets = (
				ED4797F72599037700E103DA /* Debugger */,
			);
		};
/* End PBXProject section */

/* Begin PBXSourcesBuildPhase section */
		ED4797F42599037700E103DA /* Sources */ = {
			isa = PBXSourcesBuildPhase;
			buildActionMask = 2147483647;
			files = (
				ED53946326136B600085A5F8 /* jit_arm_a64.cpp in Sources */,
				ED53945F26136B480085A5F8 /* vm.cpp in Sources */,
				ED53945C26136B480085A5F8 /* loader.cpp in Sources */,
				ED53944426136AEB0085A5F8 /* debugger.cpp in Sources */,
				ED53944626136AEB0085A5F8 /* tree.cpp in Sources */,
				ED53945226136B0D0085A5F8 /* memory.cpp in Sources */,
				EDE14A6828FB4E41004D4C25 /* jit_common.cpp in Sources */,
				ED53945D26136B480085A5F8 /* common.cpp in Sources */,
				ED53945E26136B480085A5F8 /* interpreter.cpp in Sources */,
				ED53944E26136AFD0085A5F8 /* logger.cpp in Sources */,
				ED53944526136AEB0085A5F8 /* parser.cpp in Sources */,
				ED53944326136AEB0085A5F8 /* scanner.cpp in Sources */,
			);
			runOnlyForDeploymentPostprocessing = 0;
		};
/* End PBXSourcesBuildPhase section */

/* Begin XCBuildConfiguration section */
		ED4797FD2599037700E103DA /* Debug */ = {
			isa = XCBuildConfiguration;
			buildSettings = {
				ALWAYS_SEARCH_USER_PATHS = NO;
				CLANG_ANALYZER_NONNULL = YES;
				CLANG_ANALYZER_NUMBER_OBJECT_CONVERSION = YES_AGGRESSIVE;
				CLANG_CXX_LANGUAGE_STANDARD = "c++17";
				CLANG_CXX_LIBRARY = "libc++";
				CLANG_ENABLE_MODULES = YES;
				CLANG_ENABLE_OBJC_ARC = YES;
				CLANG_ENABLE_OBJC_WEAK = YES;
				CLANG_WARN_BLOCK_CAPTURE_AUTORELEASING = YES;
				CLANG_WARN_BOOL_CONVERSION = YES;
				CLANG_WARN_COMMA = YES;
				CLANG_WARN_CONSTANT_CONVERSION = YES;
				CLANG_WARN_DEPRECATED_OBJC_IMPLEMENTATIONS = YES;
				CLANG_WARN_DIRECT_OBJC_ISA_USAGE = YES_ERROR;
				CLANG_WARN_DOCUMENTATION_COMMENTS = YES;
				CLANG_WARN_EMPTY_BODY = YES;
				CLANG_WARN_ENUM_CONVERSION = YES;
				CLANG_WARN_INFINITE_RECURSION = YES;
				CLANG_WARN_INT_CONVERSION = YES;
				CLANG_WARN_NON_LITERAL_NULL_CONVERSION = YES;
				CLANG_WARN_OBJC_IMPLICIT_RETAIN_SELF = YES;
				CLANG_WARN_OBJC_LITERAL_CONVERSION = YES;
				CLANG_WARN_OBJC_ROOT_CLASS = YES_ERROR;
				CLANG_WARN_QUOTED_INCLUDE_IN_FRAMEWORK_HEADER = YES;
				CLANG_WARN_RANGE_LOOP_ANALYSIS = YES;
				CLANG_WARN_STRICT_PROTOTYPES = YES;
				CLANG_WARN_SUSPICIOUS_MOVE = YES;
				CLANG_WARN_UNGUARDED_AVAILABILITY = YES_AGGRESSIVE;
				CLANG_WARN_UNREACHABLE_CODE = YES;
				CLANG_WARN__DUPLICATE_METHOD_MATCH = YES;
				COPY_PHASE_STRIP = NO;
				DEAD_CODE_STRIPPING = YES;
				DEBUG_INFORMATION_FORMAT = dwarf;
				ENABLE_STRICT_OBJC_MSGSEND = YES;
				ENABLE_TESTABILITY = YES;
				GCC_C_LANGUAGE_STANDARD = gnu11;
				GCC_DYNAMIC_NO_PIC = NO;
				GCC_NO_COMMON_BLOCKS = YES;
				GCC_OPTIMIZATION_LEVEL = 0;
				GCC_PREPROCESSOR_DEFINITIONS = (
					"DEBUG=1",
					"$(inherited)",
				);
				GCC_WARN_64_TO_32_BIT_CONVERSION = NO;
				GCC_WARN_ABOUT_RETURN_TYPE = YES_ERROR;
				GCC_WARN_UNDECLARED_SELECTOR = YES;
				GCC_WARN_UNINITIALIZED_AUTOS = YES_AGGRESSIVE;
				GCC_WARN_UNUSED_FUNCTION = NO;
				GCC_WARN_UNUSED_VARIABLE = YES;
				MACOSX_DEPLOYMENT_TARGET = 13.3;
				MTL_ENABLE_DEBUG_INFO = INCLUDE_SOURCE;
				MTL_FAST_MATH = YES;
				ONLY_ACTIVE_ARCH = YES;
				SDKROOT = macosx;
			};
			name = Debug;
		};
		ED4797FE2599037700E103DA /* Release */ = {
			isa = XCBuildConfiguration;
			buildSettings = {
				ALWAYS_SEARCH_USER_PATHS = NO;
				CLANG_ANALYZER_NONNULL = YES;
				CLANG_ANALYZER_NUMBER_OBJECT_CONVERSION = YES_AGGRESSIVE;
				CLANG_CXX_LANGUAGE_STANDARD = "c++17";
				CLANG_CXX_LIBRARY = "libc++";
				CLANG_ENABLE_MODULES = YES;
				CLANG_ENABLE_OBJC_ARC = YES;
				CLANG_ENABLE_OBJC_WEAK = YES;
				CLANG_WARN_BLOCK_CAPTURE_AUTORELEASING = YES;
				CLANG_WARN_BOOL_CONVERSION = YES;
				CLANG_WARN_COMMA = YES;
				CLANG_WARN_CONSTANT_CONVERSION = YES;
				CLANG_WARN_DEPRECATED_OBJC_IMPLEMENTATIONS = YES;
				CLANG_WARN_DIRECT_OBJC_ISA_USAGE = YES_ERROR;
				CLANG_WARN_DOCUMENTATION_COMMENTS = YES;
				CLANG_WARN_EMPTY_BODY = YES;
				CLANG_WARN_ENUM_CONVERSION = YES;
				CLANG_WARN_INFINITE_RECURSION = YES;
				CLANG_WARN_INT_CONVERSION = YES;
				CLANG_WARN_NON_LITERAL_NULL_CONVERSION = YES;
				CLANG_WARN_OBJC_IMPLICIT_RETAIN_SELF = YES;
				CLANG_WARN_OBJC_LITERAL_CONVERSION = YES;
				CLANG_WARN_OBJC_ROOT_CLASS = YES_ERROR;
				CLANG_WARN_QUOTED_INCLUDE_IN_FRAMEWORK_HEADER = YES;
				CLANG_WARN_RANGE_LOOP_ANALYSIS = YES;
				CLANG_WARN_STRICT_PROTOTYPES = YES;
				CLANG_WARN_SUSPICIOUS_MOVE = YES;
				CLANG_WARN_UNGUARDED_AVAILABILITY = YES_AGGRESSIVE;
				CLANG_WARN_UNREACHABLE_CODE = YES;
				CLANG_WARN__DUPLICATE_METHOD_MATCH = YES;
				COPY_PHASE_STRIP = NO;
				DEAD_CODE_STRIPPING = YES;
				DEBUG_INFORMATION_FORMAT = "dwarf-with-dsym";
				ENABLE_NS_ASSERTIONS = NO;
				ENABLE_STRICT_OBJC_MSGSEND = YES;
				GCC_C_LANGUAGE_STANDARD = gnu11;
				GCC_NO_COMMON_BLOCKS = YES;
				GCC_WARN_64_TO_32_BIT_CONVERSION = NO;
				GCC_WARN_ABOUT_RETURN_TYPE = YES_ERROR;
				GCC_WARN_UNDECLARED_SELECTOR = YES;
				GCC_WARN_UNINITIALIZED_AUTOS = YES_AGGRESSIVE;
				GCC_WARN_UNUSED_FUNCTION = NO;
				GCC_WARN_UNUSED_VARIABLE = YES;
				MACOSX_DEPLOYMENT_TARGET = 13.3;
				MTL_ENABLE_DEBUG_INFO = NO;
				MTL_FAST_MATH = YES;
				SDKROOT = macosx;
			};
			name = Release;
		};
		ED4798002599037700E103DA /* Debug */ = {
			isa = XCBuildConfiguration;
			buildSettings = {
				CODE_SIGN_ENTITLEMENTS = obd.entitlements;
				CODE_SIGN_IDENTITY = "Apple Development";
				CODE_SIGN_STYLE = Automatic;
				DEAD_CODE_STRIPPING = YES;
				DEVELOPMENT_TEAM = 37JDXYTCG2;
				ENABLE_HARDENED_RUNTIME = YES;
				EXCLUDED_ARCHS = x86_64;
				GCC_PREPROCESSOR_DEFINITIONS = (
					_ARM64,
					_OSX,
					_DEBUGGER,
					_DEBUG,
					_DEBUG_GC,
				);
				HEADER_SEARCH_PATHS = ../../lib/openssl/macos/include;
				OTHER_LDFLAGS = (
					"-Wl,../../lib/openssl/macos/arm64/libmbedtls.a",
					"-Wl,../../lib/openssl/macos/arm64/libmbedx509.a",
					"-Wl,../../lib/openssl/macos/arm64/libmbedcrypto.a",
					"-lz",
					"-lreadline",
				);
				PRODUCT_NAME = obd;
			};
			name = Debug;
		};
		ED4798012599037700E103DA /* Release */ = {
			isa = XCBuildConfiguration;
			buildSettings = {
				CODE_SIGN_ENTITLEMENTS = obd.entitlements;
				CODE_SIGN_IDENTITY = "Apple Development";
				CODE_SIGN_STYLE = Automatic;
				DEAD_CODE_STRIPPING = YES;
				DEVELOPMENT_TEAM = 37JDXYTCG2;
				ENABLE_HARDENED_RUNTIME = YES;
				EXCLUDED_ARCHS = x86_64;
				GCC_PREPROCESSOR_DEFINITIONS = (
					_ARM64,
					_OSX,
					_DEBUGGER,
				);
				HEADER_SEARCH_PATHS = ../../lib/openssl/macos/include;
				OTHER_LDFLAGS = (
					"-Wl,../../lib/openssl/macos/arm64/libmbedtls.a",
					"-Wl,../../lib/openssl/macos/arm64/libmbedx509.a",
					"-Wl,../../lib/openssl/macos/arm64/libmbedcrypto.a",
					"-lz",
					"-lreadline",
				);
				PRODUCT_NAME = obd;
			};
			name = Release;
		};
/* End XCBuildConfiguration section */

/* Begin XCConfigurationList section */
		ED4797F32599037700E103DA /* Build configuration list for PBXProject "Debugger" */ = {
			isa = XCConfigurationList;
			buildConfigurations = (
				ED4797FD2599037700E103DA /* Debug */,
				ED4797FE2599037700E103DA /* Release */,
			);
			defaultConfigurationIsVisible = 0;
			defaultConfigurationName = Release;
		};
		ED4797FF2599037700E103DA /* Build configuration list for PBXNativeTarget "Debugger" */ = {
			isa = XCConfigurationList;
			buildConfigurations = (
				ED4798002599037700E103DA /* Debug */,
				ED4798012599037700E103DA /* Release */,
			);
			defaultConfigurationIsVisible = 0;
			defaultConfigurationName = Release;
		};
/* End XCConfigurationList section */
	};
	rootObject = ED4797F02599037700E103DA /* Project object */;
}
