<?xml version="1.0" encoding="utf-8"?>
<Project ToolsVersion="4.0" xmlns="http://schemas.microsoft.com/developer/msbuild/2003">
  <ItemGroup>
    <Filter Include="Source files">
      <UniqueIdentifier>{3f00a614-8c4e-40fd-b873-4ae59451582a}</UniqueIdentifier>
      <Extensions>cpp;c;cc;cxx;def;odl;idl;hpj;bat;asm;asmx</Extensions>
    </Filter>
    <Filter Include="Header files">
      <UniqueIdentifier>{8a27e062-8b22-491e-afc0-c3a82bdd06e2}</UniqueIdentifier>
      <Extensions>h;hpp;hxx;hm;inl;inc;xsd</Extensions>
    </Filter>
    <Filter Include="Resource files">
      <UniqueIdentifier>{6b1daac3-6eaa-4495-b1d5-3cb84b34c345}</UniqueIdentifier>
      <Extensions>rc;ico;cur;bmp;dlg;rc2;rct;bin;rgs;gif;jpg;jpeg;jpe;resx;tiff;tif;png;wav</Extensions>
    </Filter>
    <Filter Include="VisualGDB settings">
      <UniqueIdentifier>{b583e287-24f9-4e91-99c0-9e0586175d21}</UniqueIdentifier>
      <Extensions>vgdbsettings</Extensions>
    </Filter>
  </ItemGroup>
  <ItemGroup>
    <ClCompile Include="..\compiler.cpp">
      <Filter>Source files</Filter>
    </ClCompile>
    <ClCompile Include="..\context.cpp">
      <Filter>Source files</Filter>
    </ClCompile>
    <ClCompile Include="..\emit.cpp">
      <Filter>Source files</Filter>
    </ClCompile>
    <ClCompile Include="..\intermediate.cpp">
      <Filter>Source files</Filter>
    </ClCompile>
    <ClCompile Include="..\linker.cpp">
      <Filter>Source files</Filter>
    </ClCompile>
    <ClCompile Include="..\optimization.cpp">
      <Filter>Source files</Filter>
    </ClCompile>
    <ClCompile Include="..\parser.cpp">
      <Filter>Source files</Filter>
    </ClCompile>
    <ClCompile Include="..\posix_main.cpp">
      <Filter>Source files</Filter>
    </ClCompile>
    <ClCompile Include="..\scanner.cpp">
      <Filter>Source files</Filter>
    </ClCompile>
    <ClCompile Include="..\tree.cpp">
      <Filter>Source files</Filter>
    </ClCompile>
    <ClCompile Include="..\types.cpp">
      <Filter>Source files</Filter>
    </ClCompile>
    <ClCompile Include="..\..\shared\logger.cpp">
      <Filter>Source files</Filter>
    </ClCompile>
  </ItemGroup>
  <ItemGroup>
    <None Include="arm64_compiler-Debug.vgdbsettings">
      <Filter>VisualGDB settings</Filter>
    </None>
    <None Include="arm64_compiler-Release.vgdbsettings">
      <Filter>VisualGDB settings</Filter>
    </None>
  </ItemGroup>
  <ItemGroup>
    <ClInclude Include="..\compiler.h">
      <Filter>Header files</Filter>
    </ClInclude>
    <ClInclude Include="..\context.h">
      <Filter>Header files</Filter>
    </ClInclude>
    <ClInclude Include="..\emit.h">
      <Filter>Header files</Filter>
    </ClInclude>
    <ClInclude Include="..\intermediate.h">
      <Filter>Header files</Filter>
    </ClInclude>
    <ClInclude Include="..\linker.h">
      <Filter>Header files</Filter>
    </ClInclude>
    <ClInclude Include="..\optimization.h">
      <Filter>Header files</Filter>
    </ClInclude>
    <ClInclude Include="..\parser.h">
      <Filter>Header files</Filter>
    </ClInclude>
    <ClInclude Include="..\scanner.h">
      <Filter>Header files</Filter>
    </ClInclude>
    <ClInclude Include="..\tree.h">
      <Filter>Header files</Filter>
    </ClInclude>
    <ClInclude Include="..\types.h">
      <Filter>Header files</Filter>
    </ClInclude>
    <ClInclude Include="..\..\shared\instrs.h">
      <Filter>Header files</Filter>
    </ClInclude>
    <ClInclude Include="..\..\shared\logger.h">
      <Filter>Header files</Filter>
    </ClInclude>
    <ClInclude Include="..\..\shared\sys.h">
      <Filter>Header files</Filter>
    </ClInclude>
    <ClInclude Include="..\..\shared\traps.h">
      <Filter>Header files</Filter>
    </ClInclude>
    <ClInclude Include="..\..\shared\version.h">
      <Filter>Header files</Filter>
    </ClInclude>
  </ItemGroup>
</Project>