// !$*UTF8*$!
{
	archiveVersion = 1;
	classes = {
	};
	objectVersion = 56;
	objects = {

/* Begin PBXBuildFile section */
		ED1BDBDD2A99354700F57191 /* repl.cpp in Sources */ = {isa = PBXBuildFile; fileRef = ED1BDBDA2A99354700F57191 /* repl.cpp */; };
		ED1BDBDE2A99354700F57191 /* editor.cpp in Sources */ = {isa = PBXBuildFile; fileRef = ED1BDBDB2A99354700F57191 /* editor.cpp */; };
/* End PBXBuildFile section */

/* Begin PBXCopyFilesBuildPhase section */
		EDF1142A2A41DBE400E5C2C3 /* CopyFiles */ = {
			isa = PBXCopyFilesBuildPhase;
			buildActionMask = 2147483647;
			dstPath = /usr/share/man/man1/;
			dstSubfolderSpec = 0;
			files = (
			);
			runOnlyForDeploymentPostprocessing = 1;
		};
/* End PBXCopyFilesBuildPhase section */

/* Begin PBXFileReference section */
		ED1BDBD92A99354700F57191 /* editor.h */ = {isa = PBXFileReference; fileEncoding = 4; lastKnownFileType = sourcecode.c.h; name = editor.h; path = ../editor.h; sourceTree = "<group>"; };
		ED1BDBDA2A99354700F57191 /* repl.cpp */ = {isa = PBXFileReference; fileEncoding = 4; lastKnownFileType = sourcecode.cpp.cpp; name = repl.cpp; path = ../repl.cpp; sourceTree = "<group>"; };
		ED1BDBDB2A99354700F57191 /* editor.cpp */ = {isa = PBXFileReference; fileEncoding = 4; lastKnownFileType = sourcecode.cpp.cpp; name = editor.cpp; path = ../editor.cpp; sourceTree = "<group>"; };
		ED1BDBDC2A99354700F57191 /* repl.h */ = {isa = PBXFileReference; fileEncoding = 4; lastKnownFileType = sourcecode.c.h; name = repl.h; path = ../repl.h; sourceTree = "<group>"; };
		EDF1142C2A41DBE400E5C2C3 /* obi */ = {isa = PBXFileReference; explicitFileType = "compiled.mach-o.executable"; includeInIndex = 0; path = obi; sourceTree = BUILT_PRODUCTS_DIR; };
/* End PBXFileReference section */

/* Begin PBXFrameworksBuildPhase section */
		EDF114292A41DBE400E5C2C3 /* Frameworks */ = {
			isa = PBXFrameworksBuildPhase;
			buildActionMask = 2147483647;
			files = (
			);
			runOnlyForDeploymentPostprocessing = 0;
		};
/* End PBXFrameworksBuildPhase section */

/* Begin PBXGroup section */
		EDF114232A41DBE400E5C2C3 = {
			isa = PBXGroup;
			children = (
				ED1BDBDB2A99354700F57191 /* editor.cpp */,
				ED1BDBD92A99354700F57191 /* editor.h */,
				ED1BDBDA2A99354700F57191 /* repl.cpp */,
				ED1BDBDC2A99354700F57191 /* repl.h */,
				EDF1142D2A41DBE400E5C2C3 /* Products */,
			);
			sourceTree = "<group>";
		};
		EDF1142D2A41DBE400E5C2C3 /* Products */ = {
			isa = PBXGroup;
			children = (
				EDF1142C2A41DBE400E5C2C3 /* obi */,
			);
			name = Products;
			sourceTree = "<group>";
		};
/* End PBXGroup section */

/* Begin PBXNativeTarget section */
		EDF1142B2A41DBE400E5C2C3 /* repl */ = {
			isa = PBXNativeTarget;
			buildConfigurationList = EDF114332A41DBE400E5C2C3 /* Build configuration list for PBXNativeTarget "repl" */;
			buildPhases = (
				EDF114282A41DBE400E5C2C3 /* Sources */,
				EDF114292A41DBE400E5C2C3 /* Frameworks */,
				EDF1142A2A41DBE400E5C2C3 /* CopyFiles */,
			);
			buildRules = (
			);
			dependencies = (
			);
			name = repl;
			productName = repl;
			productReference = EDF1142C2A41DBE400E5C2C3 /* obi */;
			productType = "com.apple.product-type.tool";
		};
/* End PBXNativeTarget section */

/* Begin PBXProject section */
		EDF114242A41DBE400E5C2C3 /* Project object */ = {
			isa = PBXProject;
			attributes = {
				BuildIndependentTargetsInParallel = 1;
				LastUpgradeCheck = 1430;
				TargetAttributes = {
					EDF1142B2A41DBE400E5C2C3 = {
						CreatedOnToolsVersion = 14.3.1;
					};
				};
			};
			buildConfigurationList = EDF114272A41DBE400E5C2C3 /* Build configuration list for PBXProject "repl" */;
			compatibilityVersion = "Xcode 14.0";
			developmentRegion = en;
			hasScannedForEncodings = 0;
			knownRegions = (
				en,
				Base,
			);
			mainGroup = EDF114232A41DBE400E5C2C3;
			productRefGroup = EDF1142D2A41DBE400E5C2C3 /* Products */;
			projectDirPath = "";
			projectRoot = "";
			targets = (
				EDF1142B2A41DBE400E5C2C3 /* repl */,
			);
		};
/* End PBXProject section */

/* Begin PBXSourcesBuildPhase section */
		EDF114282A41DBE400E5C2C3 /* Sources */ = {
			isa = PBXSourcesBuildPhase;
			buildActionMask = 2147483647;
			files = (
				ED1BDBDE2A99354700F57191 /* editor.cpp in Sources */,
				ED1BDBDD2A99354700F57191 /* repl.cpp in Sources */,
			);
			runOnlyForDeploymentPostprocessing = 0;
		};
/* End PBXSourcesBuildPhase section */

/* Begin XCBuildConfiguration section */
		EDF114312A41DBE400E5C2C3 /* Debug */ = {
			isa = XCBuildConfiguration;
			buildSettings = {
				ALWAYS_SEARCH_USER_PATHS = NO;
				CLANG_ANALYZER_NONNULL = YES;
				CLANG_ANALYZER_NUMBER_OBJECT_CONVERSION = YES_AGGRESSIVE;
				CLANG_CXX_LANGUAGE_STANDARD = "gnu++20";
				CLANG_ENABLE_MODULES = YES;
				CLANG_ENABLE_OBJC_ARC = YES;
				CLANG_ENABLE_OBJC_WEAK = YES;
				CLANG_WARN_BLOCK_CAPTURE_AUTORELEASING = YES;
				CLANG_WARN_BOOL_CONVERSION = YES;
				CLANG_WARN_COMMA = YES;
				CLANG_WARN_CONSTANT_CONVERSION = YES;
				CLANG_WARN_DEPRECATED_OBJC_IMPLEMENTATIONS = YES;
				CLANG_WARN_DIRECT_OBJC_ISA_USAGE = YES_ERROR;
				CLANG_WARN_DOCUMENTATION_COMMENTS = YES;
				CLANG_WARN_EMPTY_BODY = YES;
				CLANG_WARN_ENUM_CONVERSION = YES;
				CLANG_WARN_INFINITE_RECURSION = YES;
				CLANG_WARN_INT_CONVERSION = YES;
				CLANG_WARN_NON_LITERAL_NULL_CONVERSION = YES;
				CLANG_WARN_OBJC_IMPLICIT_RETAIN_SELF = YES;
				CLANG_WARN_OBJC_LITERAL_CONVERSION = YES;
				CLANG_WARN_OBJC_ROOT_CLASS = YES_ERROR;
				CLANG_WARN_QUOTED_INCLUDE_IN_FRAMEWORK_HEADER = YES;
				CLANG_WARN_RANGE_LOOP_ANALYSIS = YES;
				CLANG_WARN_STRICT_PROTOTYPES = YES;
				CLANG_WARN_SUSPICIOUS_MOVE = YES;
				CLANG_WARN_UNGUARDED_AVAILABILITY = YES_AGGRESSIVE;
				CLANG_WARN_UNREACHABLE_CODE = YES;
				CLANG_WARN__DUPLICATE_METHOD_MATCH = YES;
				COPY_PHASE_STRIP = NO;
				DEBUG_INFORMATION_FORMAT = dwarf;
				ENABLE_STRICT_OBJC_MSGSEND = YES;
				ENABLE_TESTABILITY = YES;
				GCC_C_LANGUAGE_STANDARD = gnu11;
				GCC_DYNAMIC_NO_PIC = NO;
				GCC_NO_COMMON_BLOCKS = YES;
				GCC_OPTIMIZATION_LEVEL = 0;
				GCC_PREPROCESSOR_DEFINITIONS = (
					"DEBUG=1",
					"$(inherited)",
				);
				GCC_WARN_64_TO_32_BIT_CONVERSION = YES;
				GCC_WARN_ABOUT_RETURN_TYPE = YES_ERROR;
				GCC_WARN_UNDECLARED_SELECTOR = YES;
				GCC_WARN_UNINITIALIZED_AUTOS = YES_AGGRESSIVE;
				GCC_WARN_UNUSED_FUNCTION = YES;
				GCC_WARN_UNUSED_VARIABLE = YES;
				MACOSX_DEPLOYMENT_TARGET = 13.3;
				MTL_ENABLE_DEBUG_INFO = INCLUDE_SOURCE;
				MTL_FAST_MATH = YES;
				ONLY_ACTIVE_ARCH = YES;
				SDKROOT = macosx;
			};
			name = Debug;
		};
		EDF114322A41DBE400E5C2C3 /* Release */ = {
			isa = XCBuildConfiguration;
			buildSettings = {
				ALWAYS_SEARCH_USER_PATHS = NO;
				CLANG_ANALYZER_NONNULL = YES;
				CLANG_ANALYZER_NUMBER_OBJECT_CONVERSION = YES_AGGRESSIVE;
				CLANG_CXX_LANGUAGE_STANDARD = "gnu++20";
				CLANG_ENABLE_MODULES = YES;
				CLANG_ENABLE_OBJC_ARC = YES;
				CLANG_ENABLE_OBJC_WEAK = YES;
				CLANG_WARN_BLOCK_CAPTURE_AUTORELEASING = YES;
				CLANG_WARN_BOOL_CONVERSION = YES;
				CLANG_WARN_COMMA = YES;
				CLANG_WARN_CONSTANT_CONVERSION = YES;
				CLANG_WARN_DEPRECATED_OBJC_IMPLEMENTATIONS = YES;
				CLANG_WARN_DIRECT_OBJC_ISA_USAGE = YES_ERROR;
				CLANG_WARN_DOCUMENTATION_COMMENTS = YES;
				CLANG_WARN_EMPTY_BODY = YES;
				CLANG_WARN_ENUM_CONVERSION = YES;
				CLANG_WARN_INFINITE_RECURSION = YES;
				CLANG_WARN_INT_CONVERSION = YES;
				CLANG_WARN_NON_LITERAL_NULL_CONVERSION = YES;
				CLANG_WARN_OBJC_IMPLICIT_RETAIN_SELF = YES;
				CLANG_WARN_OBJC_LITERAL_CONVERSION = YES;
				CLANG_WARN_OBJC_ROOT_CLASS = YES_ERROR;
				CLANG_WARN_QUOTED_INCLUDE_IN_FRAMEWORK_HEADER = YES;
				CLANG_WARN_RANGE_LOOP_ANALYSIS = YES;
				CLANG_WARN_STRICT_PROTOTYPES = YES;
				CLANG_WARN_SUSPICIOUS_MOVE = YES;
				CLANG_WARN_UNGUARDED_AVAILABILITY = YES_AGGRESSIVE;
				CLANG_WARN_UNREACHABLE_CODE = YES;
				CLANG_WARN__DUPLICATE_METHOD_MATCH = YES;
				COPY_PHASE_STRIP = NO;
				DEBUG_INFORMATION_FORMAT = "dwarf-with-dsym";
				ENABLE_NS_ASSERTIONS = NO;
				ENABLE_STRICT_OBJC_MSGSEND = YES;
				GCC_C_LANGUAGE_STANDARD = gnu11;
				GCC_NO_COMMON_BLOCKS = YES;
				GCC_WARN_64_TO_32_BIT_CONVERSION = YES;
				GCC_WARN_ABOUT_RETURN_TYPE = YES_ERROR;
				GCC_WARN_UNDECLARED_SELECTOR = YES;
				GCC_WARN_UNINITIALIZED_AUTOS = YES_AGGRESSIVE;
				GCC_WARN_UNUSED_FUNCTION = YES;
				GCC_WARN_UNUSED_VARIABLE = YES;
				MACOSX_DEPLOYMENT_TARGET = 13.3;
				MTL_ENABLE_DEBUG_INFO = NO;
				MTL_FAST_MATH = YES;
				SDKROOT = macosx;
			};
			name = Release;
		};
		EDF114342A41DBE400E5C2C3 /* Debug */ = {
			isa = XCBuildConfiguration;
			buildSettings = {
				CODE_SIGN_STYLE = Automatic;
				EXCLUDED_ARCHS = x86_64;
				GCC_PREPROCESSOR_DEFINITIONS = (
					_D_NO_HALT,
					_OBJECK_NATIVE_LIB_PATH,
					_DEBUG,
				);
				HEADER_SEARCH_PATHS = ../../lib/openssl/macos/include;
				ONLY_ACTIVE_ARCH = YES;
				OTHER_LDFLAGS = (
					"-Wl,../../module/xcode/build/Release/libmodule.a",
					"-Wl,../../lib/openssl/macos/arm64/libmbedtls.a",
					"-Wl,../../lib/openssl/macos/arm64/libmbedx509.a",
					"-Wl,../../lib/openssl/macos/arm64/libmbedcrypto.a",
					"-lz",
				);
				PRODUCT_MODULE_NAME = obi;
				PRODUCT_NAME = obi;
			};
			name = Debug;
		};
		EDF114352A41DBE400E5C2C3 /* Release */ = {
			isa = XCBuildConfiguration;
			buildSettings = {
				CODE_SIGN_STYLE = Automatic;
				EXCLUDED_ARCHS = x86_64;
				GCC_PREPROCESSOR_DEFINITIONS = (
					_D_NO_HALT,
					_OBJECK_NATIVE_LIB_PATH,
				);
				HEADER_SEARCH_PATHS = ../../lib/openssl/macos/include;
				ONLY_ACTIVE_ARCH = YES;
				OTHER_LDFLAGS = (
					"-Wl,../../module/xcode/build/Release/libmodule.a",
					"-Wl,../../lib/openssl/macos/arm64/libmbedtls.a",
					"-Wl,../../lib/openssl/macos/arm64/libmbedx509.a",
					"-Wl,../../lib/openssl/macos/arm64/libmbedcrypto.a",
					"-lz",
				);
				PRODUCT_MODULE_NAME = obi;
				PRODUCT_NAME = obi;
			};
			name = Release;
		};
/* End XCBuildConfiguration section */

/* Begin XCConfigurationList section */
		EDF114272A41DBE400E5C2C3 /* Build configuration list for PBXProject "repl" */ = {
			isa = XCConfigurationList;
			buildConfigurations = (
				EDF114312A41DBE400E5C2C3 /* Debug */,
				EDF114322A41DBE400E5C2C3 /* Release */,
			);
			defaultConfigurationIsVisible = 0;
			defaultConfigurationName = Release;
		};
		EDF114332A41DBE400E5C2C3 /* Build configuration list for PBXNativeTarget "repl" */ = {
			isa = XCConfigurationList;
			buildConfigurations = (
				EDF114342A41DBE400E5C2C3 /* Debug */,
				EDF114352A41DBE400E5C2C3 /* Release */,
			);
			defaultConfigurationIsVisible = 0;
			defaultConfigurationName = Release;
		};
/* End XCConfigurationList section */
	};
	rootObject = EDF114242A41DBE400E5C2C3 /* Project object */;
}
