
Microsoft Visual Studio Solution File, Format Version 11.00
# Visual Studio 2010
Project("{8BC9CEB8-8B4A-11D0-8D11-00A0C91BC942}") = "MfcTest", "MfcTest\MfcTest.vcxproj", "{FCD8553F-10C0-49AE-B3BA-46AD73E72DFC}"
EndProject
Global
	GlobalSection(SolutionConfigurationPlatforms) = preSolution
		Debug|Win32 = Debug|Win32
		Release|Win32 = Release|Win32
	EndGlobalSection
	GlobalSection(ProjectConfigurationPlatforms) = postSolution
		{FCD8553F-10C0-49AE-B3BA-46AD73E72DFC}.Debug|Win32.ActiveCfg = Debug|Win32
		{FCD8553F-10C0-49AE-B3BA-46AD73E72DFC}.Debug|Win32.Build.0 = Debug|Win32
		{FCD8553F-10C0-49AE-B3BA-46AD73E72DFC}.Release|Win32.ActiveCfg = Release|Win32
		{FCD8553F-10C0-49AE-B3BA-46AD73E72DFC}.Release|Win32.Build.0 = Release|Win32
	EndGlobalSection
	GlobalSection(SolutionProperties) = preSolution
		HideSolutionNode = FALSE
	EndGlobalSection
EndGlobal
