
Microsoft Visual Studio Solution File, Format Version 12.00
# Visual Studio Version 17
VisualStudioVersion = 17.3.32901.215
MinimumVisualStudioVersion = 10.0.40219.1
Project("{8BC9CEB8-8B4A-11D0-8D11-00A0C91BC942}") = "launcher", "vs\launcher\native_launcher.vcxproj", "{66C5279F-FFA5-4952-9737-4FD62707D8F3}"
EndProject
Project("{8BC9CEB8-8B4A-11D0-8D11-00A0C91BC942}") = "app_builder", "vs\builder\app_builder.vcxproj", "{FC7973BC-B4B8-46AA-A6E5-1A2443B53144}"
EndProject
Global
	GlobalSection(SolutionConfigurationPlatforms) = preSolution
		Debug|x64 = Debug|x64
		Debug|x86 = Debug|x86
		Release|x64 = Release|x64
		Release|x86 = Release|x86
	EndGlobalSection
	GlobalSection(ProjectConfigurationPlatforms) = postSolution
		{66C5279F-FFA5-4952-9737-4FD62707D8F3}.Debug|x64.ActiveCfg = Debug|x64
		{66C5279F-FFA5-4952-9737-4FD62707D8F3}.Debug|x64.Build.0 = Debug|x64
		{66C5279F-FFA5-4952-9737-4FD62707D8F3}.Debug|x86.ActiveCfg = Debug|Win32
		{66C5279F-FFA5-4952-9737-4FD62707D8F3}.Debug|x86.Build.0 = Debug|Win32
		{66C5279F-FFA5-4952-9737-4FD62707D8F3}.Release|x64.ActiveCfg = Release|x64
		{66C5279F-FFA5-4952-9737-4FD62707D8F3}.Release|x64.Build.0 = Release|x64
		{66C5279F-FFA5-4952-9737-4FD62707D8F3}.Release|x86.ActiveCfg = Release|Win32
		{66C5279F-FFA5-4952-9737-4FD62707D8F3}.Release|x86.Build.0 = Release|Win32
		{FC7973BC-B4B8-46AA-A6E5-1A2443B53144}.Debug|x64.ActiveCfg = Debug|x64
		{FC7973BC-B4B8-46AA-A6E5-1A2443B53144}.Debug|x64.Build.0 = Debug|x64
		{FC7973BC-B4B8-46AA-A6E5-1A2443B53144}.Debug|x86.ActiveCfg = Debug|Win32
		{FC7973BC-B4B8-46AA-A6E5-1A2443B53144}.Debug|x86.Build.0 = Debug|Win32
		{FC7973BC-B4B8-46AA-A6E5-1A2443B53144}.Release|x64.ActiveCfg = Release|x64
		{FC7973BC-B4B8-46AA-A6E5-1A2443B53144}.Release|x64.Build.0 = Release|x64
		{FC7973BC-B4B8-46AA-A6E5-1A2443B53144}.Release|x86.ActiveCfg = Release|Win32
		{FC7973BC-B4B8-46AA-A6E5-1A2443B53144}.Release|x86.Build.0 = Release|Win32
	EndGlobalSection
	GlobalSection(SolutionProperties) = preSolution
		HideSolutionNode = FALSE
	EndGlobalSection
	GlobalSection(ExtensibilityGlobals) = postSolution
		SolutionGuid = {C4654595-E201-4500-B2DD-AE3FD13C5930}
	EndGlobalSection
EndGlobal
