
Microsoft Visual Studio Solution File, Format Version 11.00
# Visual Studio 2010
Project("{8BC9CEB8-8B4A-11D0-8D11-00A0C91BC942}") = "compiler", "..\compiler\compiler\compiler.vcxproj", "{E53C042C-C8B4-4C41-99A8-72A2B273FFC0}"
EndProject
Project("{8BC9CEB8-8B4A-11D0-8D11-00A0C91BC942}") = "vm", "..\vm\vm\vm.vcxproj", "{3131D7AE-8AB8-46C1-872F-0F949C5CD05D}"
EndProject
Project("{8BC9CEB8-8B4A-11D0-8D11-00A0C91BC942}") = "utilities", "..\utilities\utilities\utilities.vcxproj", "{2D853992-96F9-482B-92F2-700367E27AB1}"
EndProject
Project("{8BC9CEB8-8B4A-11D0-8D11-00A0C91BC942}") = "debugger", "..\vm\debugger\debugger\debugger.vcxproj", "{02EEE1DA-3D5E-48BA-996A-4DAB376B5291}"
EndProject
Global
	GlobalSection(SolutionConfigurationPlatforms) = preSolution
		Debug|Win32 = Debug|Win32
		Debug|x64 = Debug|x64
		Release|Win32 = Release|Win32
		Release|x64 = Release|x64
		Structure Build|Win32 = Structure Build|Win32
		Structure Build|x64 = Structure Build|x64
		System Build|Win32 = System Build|Win32
		System Build|x64 = System Build|x64
	EndGlobalSection
	GlobalSection(ProjectConfigurationPlatforms) = postSolution
		{E53C042C-C8B4-4C41-99A8-72A2B273FFC0}.Debug|Win32.ActiveCfg = Debug|Win32
		{E53C042C-C8B4-4C41-99A8-72A2B273FFC0}.Debug|Win32.Build.0 = Debug|Win32
		{E53C042C-C8B4-4C41-99A8-72A2B273FFC0}.Debug|x64.ActiveCfg = Debug|x64
		{E53C042C-C8B4-4C41-99A8-72A2B273FFC0}.Debug|x64.Build.0 = Debug|x64
		{E53C042C-C8B4-4C41-99A8-72A2B273FFC0}.Release|Win32.ActiveCfg = Release|Win32
		{E53C042C-C8B4-4C41-99A8-72A2B273FFC0}.Release|Win32.Build.0 = Release|Win32
		{E53C042C-C8B4-4C41-99A8-72A2B273FFC0}.Release|x64.ActiveCfg = Release|x64
		{E53C042C-C8B4-4C41-99A8-72A2B273FFC0}.Release|x64.Build.0 = Release|x64
		{E53C042C-C8B4-4C41-99A8-72A2B273FFC0}.Structure Build|Win32.ActiveCfg = Structure Build|Win32
		{E53C042C-C8B4-4C41-99A8-72A2B273FFC0}.Structure Build|Win32.Build.0 = Structure Build|Win32
		{E53C042C-C8B4-4C41-99A8-72A2B273FFC0}.Structure Build|x64.ActiveCfg = Structure Build|x64
		{E53C042C-C8B4-4C41-99A8-72A2B273FFC0}.Structure Build|x64.Build.0 = Structure Build|x64
		{E53C042C-C8B4-4C41-99A8-72A2B273FFC0}.System Build|Win32.ActiveCfg = System Build|Win32
		{E53C042C-C8B4-4C41-99A8-72A2B273FFC0}.System Build|Win32.Build.0 = System Build|Win32
		{E53C042C-C8B4-4C41-99A8-72A2B273FFC0}.System Build|x64.ActiveCfg = System Build|x64
		{E53C042C-C8B4-4C41-99A8-72A2B273FFC0}.System Build|x64.Build.0 = System Build|x64
		{3131D7AE-8AB8-46C1-872F-0F949C5CD05D}.Debug|Win32.ActiveCfg = Debug|Win32
		{3131D7AE-8AB8-46C1-872F-0F949C5CD05D}.Debug|Win32.Build.0 = Debug|Win32
		{3131D7AE-8AB8-46C1-872F-0F949C5CD05D}.Debug|x64.ActiveCfg = Debug|x64
		{3131D7AE-8AB8-46C1-872F-0F949C5CD05D}.Debug|x64.Build.0 = Debug|x64
		{3131D7AE-8AB8-46C1-872F-0F949C5CD05D}.Release|Win32.ActiveCfg = Release|Win32
		{3131D7AE-8AB8-46C1-872F-0F949C5CD05D}.Release|Win32.Build.0 = Release|Win32
		{3131D7AE-8AB8-46C1-872F-0F949C5CD05D}.Release|x64.ActiveCfg = Release|x64
		{3131D7AE-8AB8-46C1-872F-0F949C5CD05D}.Release|x64.Build.0 = Release|x64
		{3131D7AE-8AB8-46C1-872F-0F949C5CD05D}.Structure Build|Win32.ActiveCfg = Release|x64
		{3131D7AE-8AB8-46C1-872F-0F949C5CD05D}.Structure Build|x64.ActiveCfg = Release|x64
		{3131D7AE-8AB8-46C1-872F-0F949C5CD05D}.Structure Build|x64.Build.0 = Release|x64
		{3131D7AE-8AB8-46C1-872F-0F949C5CD05D}.System Build|Win32.ActiveCfg = Release|x64
		{3131D7AE-8AB8-46C1-872F-0F949C5CD05D}.System Build|x64.ActiveCfg = Release|x64
		{3131D7AE-8AB8-46C1-872F-0F949C5CD05D}.System Build|x64.Build.0 = Release|x64
		{2D853992-96F9-482B-92F2-700367E27AB1}.Debug|Win32.ActiveCfg = Debug|Win32
		{2D853992-96F9-482B-92F2-700367E27AB1}.Debug|Win32.Build.0 = Debug|Win32
		{2D853992-96F9-482B-92F2-700367E27AB1}.Debug|x64.ActiveCfg = Debug|Win32
		{2D853992-96F9-482B-92F2-700367E27AB1}.Release|Win32.ActiveCfg = Release|Win32
		{2D853992-96F9-482B-92F2-700367E27AB1}.Release|Win32.Build.0 = Release|Win32
		{2D853992-96F9-482B-92F2-700367E27AB1}.Release|x64.ActiveCfg = Release|Win32
		{2D853992-96F9-482B-92F2-700367E27AB1}.Structure Build|Win32.ActiveCfg = Release|Win32
		{2D853992-96F9-482B-92F2-700367E27AB1}.Structure Build|Win32.Build.0 = Release|Win32
		{2D853992-96F9-482B-92F2-700367E27AB1}.Structure Build|x64.ActiveCfg = Release|Win32
		{2D853992-96F9-482B-92F2-700367E27AB1}.System Build|Win32.ActiveCfg = Release|Win32
		{2D853992-96F9-482B-92F2-700367E27AB1}.System Build|Win32.Build.0 = Release|Win32
		{2D853992-96F9-482B-92F2-700367E27AB1}.System Build|x64.ActiveCfg = Release|Win32
		{02EEE1DA-3D5E-48BA-996A-4DAB376B5291}.Debug|Win32.ActiveCfg = Debug|Win32
		{02EEE1DA-3D5E-48BA-996A-4DAB376B5291}.Debug|Win32.Build.0 = Debug|Win32
		{02EEE1DA-3D5E-48BA-996A-4DAB376B5291}.Debug|x64.ActiveCfg = Debug|Win32
		{02EEE1DA-3D5E-48BA-996A-4DAB376B5291}.Release|Win32.ActiveCfg = Release|Win32
		{02EEE1DA-3D5E-48BA-996A-4DAB376B5291}.Release|Win32.Build.0 = Release|Win32
		{02EEE1DA-3D5E-48BA-996A-4DAB376B5291}.Release|x64.ActiveCfg = Release|Win32
		{02EEE1DA-3D5E-48BA-996A-4DAB376B5291}.Structure Build|Win32.ActiveCfg = Release|Win32
		{02EEE1DA-3D5E-48BA-996A-4DAB376B5291}.Structure Build|Win32.Build.0 = Release|Win32
		{02EEE1DA-3D5E-48BA-996A-4DAB376B5291}.Structure Build|x64.ActiveCfg = Release|Win32
		{02EEE1DA-3D5E-48BA-996A-4DAB376B5291}.System Build|Win32.ActiveCfg = Release|Win32
		{02EEE1DA-3D5E-48BA-996A-4DAB376B5291}.System Build|Win32.Build.0 = Release|Win32
		{02EEE1DA-3D5E-48BA-996A-4DAB376B5291}.System Build|x64.ActiveCfg = Release|Win32
	EndGlobalSection
	GlobalSection(SolutionProperties) = preSolution
		HideSolutionNode = FALSE
	EndGlobalSection
EndGlobal
