
Microsoft Visual Studio Solution File, Format Version 12.00
# Visual Studio 15
VisualStudioVersion = 15.0.28307.421
MinimumVisualStudioVersion = 10.0.40219.1
Project("{8BC9CEB8-8B4A-11D0-8D11-00A0C91BC942}") = "mem_mgr", "mem_mgr\mem_mgr.vcxproj", "{180F1E17-D240-44CC-8079-CAAD5B229C97}"
EndProject
Global
	GlobalSection(SolutionConfigurationPlatforms) = preSolution
		Debug|x64 = Debug|x64
		Debug|x86 = Debug|x86
		Release|x64 = Release|x64
		Release|x86 = Release|x86
	EndGlobalSection
	GlobalSection(ProjectConfigurationPlatforms) = postSolution
		{180F1E17-D240-44CC-8079-CAAD5B229C97}.Debug|x64.ActiveCfg = Debug|x64
		{180F1E17-D240-44CC-8079-CAAD5B229C97}.Debug|x64.Build.0 = Debug|x64
		{180F1E17-D240-44CC-8079-CAAD5B229C97}.Debug|x86.ActiveCfg = Debug|Win32
		{180F1E17-D240-44CC-8079-CAAD5B229C97}.Debug|x86.Build.0 = Debug|Win32
		{180F1E17-D240-44CC-8079-CAAD5B229C97}.Release|x64.ActiveCfg = Release|x64
		{180F1E17-D240-44CC-8079-CAAD5B229C97}.Release|x64.Build.0 = Release|x64
		{180F1E17-D240-44CC-8079-CAAD5B229C97}.Release|x86.ActiveCfg = Release|Win32
		{180F1E17-D240-44CC-8079-CAAD5B229C97}.Release|x86.Build.0 = Release|Win32
	EndGlobalSection
	GlobalSection(SolutionProperties) = preSolution
		HideSolutionNode = FALSE
	EndGlobalSection
	GlobalSection(ExtensibilityGlobals) = postSolution
		SolutionGuid = {C4E38EFB-4A3F-434A-A3B9-CC51D5A5D1D3}
	EndGlobalSection
EndGlobal
