
Microsoft Visual Studio Solution File, Format Version 12.00
# Visual Studio Version 17
VisualStudioVersion = 17.12.35527.113
MinimumVisualStudioVersion = 10.0.40219.1
Project("{8BC9CEB8-8B4A-11D0-8D11-00A0C91BC942}") = "crypto", "vs\crypto.vcxproj", "{02A51378-6430-4B82-B596-ABA250DCA15B}"
EndProject
Global
	GlobalSection(SolutionConfigurationPlatforms) = preSolution
		Debug|ARM64 = Debug|ARM64
		Debug|x64 = Debug|x64
		Release|ARM64 = Release|ARM64
		Release|x64 = Release|x64
	EndGlobalSection
	GlobalSection(ProjectConfigurationPlatforms) = postSolution
		{02A51378-6430-4B82-B596-ABA250DCA15B}.Debug|ARM64.ActiveCfg = Debug|ARM64
		{02A51378-6430-4B82-B596-ABA250DCA15B}.Debug|ARM64.Build.0 = Debug|ARM64
		{02A51378-6430-4B82-B596-ABA250DCA15B}.Debug|x64.ActiveCfg = Debug|x64
		{02A51378-6430-4B82-B596-ABA250DCA15B}.Debug|x64.Build.0 = Debug|x64
		{02A51378-6430-4B82-B596-ABA250DCA15B}.Release|ARM64.ActiveCfg = Release|ARM64
		{02A51378-6430-4B82-B596-ABA250DCA15B}.Release|ARM64.Build.0 = Release|ARM64
		{02A51378-6430-4B82-B596-ABA250DCA15B}.Release|x64.ActiveCfg = Release|x64
		{02A51378-6430-4B82-B596-ABA250DCA15B}.Release|x64.Build.0 = Release|x64
	EndGlobalSection
	GlobalSection(SolutionProperties) = preSolution
		HideSolutionNode = FALSE
	EndGlobalSection
	GlobalSection(ExtensibilityGlobals) = postSolution
		SolutionGuid = {03E6E073-09AB-4205-8150-0ADD841545F4}
	EndGlobalSection
EndGlobal
