<?xml version="1.0" encoding="utf-8"?>
<Project ToolsVersion="4.0" xmlns="http://schemas.microsoft.com/developer/msbuild/2003">
  <ItemGroup>
    <Filter Include="Source files">
      <UniqueIdentifier>{902377f0-f4f8-4424-b0f0-8555405ce191}</UniqueIdentifier>
      <Extensions>cpp;c;cc;cxx;def;odl;idl;hpj;bat;asm;asmx</Extensions>
    </Filter>
    <Filter Include="Header files">
      <UniqueIdentifier>{7b5c61e9-cc3d-435c-8959-f1e8353c5bad}</UniqueIdentifier>
      <Extensions>h;hpp;hxx;hm;inl;inc;xsd</Extensions>
    </Filter>
    <Filter Include="Resource files">
      <UniqueIdentifier>{e125ced4-d8f0-46e6-99d7-5252836c7a59}</UniqueIdentifier>
      <Extensions>rc;ico;cur;bmp;dlg;rc2;rct;bin;rgs;gif;jpg;jpeg;jpe;resx;tiff;tif;png;wav</Extensions>
    </Filter>
    <Filter Include="VisualGDB settings">
      <UniqueIdentifier>{a1db7209-a168-4259-a986-c94e3cb9d2f6}</UniqueIdentifier>
      <Extensions>vgdbsettings</Extensions>
    </Filter>
  </ItemGroup>
  <ItemGroup>
    <None Include="arm64_debugger-Debug.vgdbsettings">
      <Filter>VisualGDB settings</Filter>
    </None>
    <None Include="arm64_debugger-Release.vgdbsettings">
      <Filter>VisualGDB settings</Filter>
    </None>
  </ItemGroup>
  <ItemGroup>
    <ClInclude Include="..\debugger.h">
      <Filter>Header files</Filter>
    </ClInclude>
    <ClInclude Include="..\parser.h">
      <Filter>Header files</Filter>
    </ClInclude>
    <ClInclude Include="..\scanner.h">
      <Filter>Header files</Filter>
    </ClInclude>
    <ClInclude Include="..\tree.h">
      <Filter>Header files</Filter>
    </ClInclude>
    <ClInclude Include="..\..\vm\common.h">
      <Filter>Header files</Filter>
    </ClInclude>
    <ClInclude Include="..\..\vm\interpreter.h">
      <Filter>Header files</Filter>
    </ClInclude>
    <ClInclude Include="..\..\vm\lib_api.h">
      <Filter>Header files</Filter>
    </ClInclude>
    <ClInclude Include="..\..\vm\loader.h">
      <Filter>Header files</Filter>
    </ClInclude>
    <ClInclude Include="..\..\vm\vm.h">
      <Filter>Header files</Filter>
    </ClInclude>
    <ClInclude Include="..\..\shared\instrs.h">
      <Filter>Header files</Filter>
    </ClInclude>
    <ClInclude Include="..\..\shared\logger.h">
      <Filter>Header files</Filter>
    </ClInclude>
    <ClInclude Include="..\..\shared\sys.h">
      <Filter>Header files</Filter>
    </ClInclude>
    <ClInclude Include="..\..\shared\traps.h">
      <Filter>Header files</Filter>
    </ClInclude>
    <ClInclude Include="..\..\shared\version.h">
      <Filter>Header files</Filter>
    </ClInclude>
    <ClInclude Include="..\..\vm\arch\jit\arm64\jit_arm_a64.h">
      <Filter>Header files</Filter>
    </ClInclude>
    <ClInclude Include="..\..\vm\arch\memory.h">
      <Filter>Header files</Filter>
    </ClInclude>
  </ItemGroup>
  <ItemGroup>
    <ClCompile Include="..\..\vm\common.cpp">
      <Filter>Source files</Filter>
    </ClCompile>
    <ClCompile Include="..\..\vm\interpreter.cpp">
      <Filter>Source files</Filter>
    </ClCompile>
    <ClCompile Include="..\..\vm\loader.cpp">
      <Filter>Source files</Filter>
    </ClCompile>
    <ClCompile Include="..\..\vm\vm.cpp">
      <Filter>Source files</Filter>
    </ClCompile>
    <ClCompile Include="..\debugger.cpp">
      <Filter>Source files</Filter>
    </ClCompile>
    <ClCompile Include="..\parser.cpp">
      <Filter>Source files</Filter>
    </ClCompile>
    <ClCompile Include="..\scanner.cpp">
      <Filter>Source files</Filter>
    </ClCompile>
    <ClCompile Include="..\tree.cpp">
      <Filter>Source files</Filter>
    </ClCompile>
    <ClCompile Include="..\..\shared\logger.cpp">
      <Filter>Source files</Filter>
    </ClCompile>
    <ClCompile Include="..\..\vm\arch\jit\arm64\jit_arm_a64.cpp">
      <Filter>Source files</Filter>
    </ClCompile>
    <ClCompile Include="..\..\vm\arch\memory.cpp">
      <Filter>Source files</Filter>
    </ClCompile>
  </ItemGroup>
</Project>