
Microsoft Visual Studio Solution File, Format Version 12.00
# Visual Studio Version 17
VisualStudioVersion = 17.1.32421.90
MinimumVisualStudioVersion = 10.0.40219.1
Project("{8BC9CEB8-8B4A-11D0-8D11-00A0C91BC942}") = "arm64_debugger", "arm64_debugger.vcxproj", "{D5369CC4-2200-49F3-9AFD-D39704AE3430}"
EndProject
Global
	GlobalSection(SolutionConfigurationPlatforms) = preSolution
		Debug|VisualGDB = Debug|VisualGDB
		Release|VisualGDB = Release|VisualGDB
	EndGlobalSection
	GlobalSection(ProjectConfigurationPlatforms) = postSolution
		{D5369CC4-2200-49F3-9AFD-D39704AE3430}.Debug|VisualGDB.ActiveCfg = Debug|VisualGDB
		{D5369CC4-2200-49F3-9AFD-D39704AE3430}.Debug|VisualGDB.Build.0 = Debug|VisualGDB
		{D5369CC4-2200-49F3-9AFD-D39704AE3430}.Release|VisualGDB.ActiveCfg = Release|VisualGDB
		{D5369CC4-2200-49F3-9AFD-D39704AE3430}.Release|VisualGDB.Build.0 = Release|VisualGDB
	EndGlobalSection
	GlobalSection(SolutionProperties) = preSolution
		HideSolutionNode = FALSE
	EndGlobalSection
	GlobalSection(ExtensibilityGlobals) = postSolution
		SolutionGuid = {8F7971EC-7785-4769-94B9-DB423C736AB8}
	EndGlobalSection
EndGlobal
