
Microsoft Visual Studio Solution File, Format Version 12.00
# Visual Studio Version 17
VisualStudioVersion = 17.6.33723.286
MinimumVisualStudioVersion = 10.0.40219.1
Project("{8BC9CEB8-8B4A-11D0-8D11-00A0C91BC942}") = "repl", "vs\repl.vcxproj", "{FEE70993-25C4-4AC1-93A8-CB8B86FA489F}"
	ProjectSection(ProjectDependencies) = postProject
		{9D9657FA-C012-4DB3-8DE8-F5092F1210EC} = {9D9657FA-C012-4DB3-8DE8-F5092F1210EC}
	EndProjectSection
EndProject
Project("{8BC9CEB8-8B4A-11D0-8D11-00A0C91BC942}") = "module", "..\module\vs\module.vcxproj", "{9D9657FA-C012-4DB3-8DE8-F5092F1210EC}"
EndProject
Global
	GlobalSection(SolutionConfigurationPlatforms) = preSolution
		Debug|x64 = Debug|x64
		Release|x64 = Release|x64
	EndGlobalSection
	GlobalSection(ProjectConfigurationPlatforms) = postSolution
		{FEE70993-25C4-4AC1-93A8-CB8B86FA489F}.Debug|x64.ActiveCfg = Debug|x64
		{FEE70993-25C4-4AC1-93A8-CB8B86FA489F}.Debug|x64.Build.0 = Debug|x64
		{FEE70993-25C4-4AC1-93A8-CB8B86FA489F}.Release|x64.ActiveCfg = Release|x64
		{FEE70993-25C4-4AC1-93A8-CB8B86FA489F}.Release|x64.Build.0 = Release|x64
		{9D9657FA-C012-4DB3-8DE8-F5092F1210EC}.Debug|x64.ActiveCfg = Debug|x64
		{9D9657FA-C012-4DB3-8DE8-F5092F1210EC}.Debug|x64.Build.0 = Debug|x64
		{9D9657FA-C012-4DB3-8DE8-F5092F1210EC}.Release|x64.ActiveCfg = Release|x64
		{9D9657FA-C012-4DB3-8DE8-F5092F1210EC}.Release|x64.Build.0 = Release|x64
	EndGlobalSection
	GlobalSection(SolutionProperties) = preSolution
		HideSolutionNode = FALSE
	EndGlobalSection
	GlobalSection(ExtensibilityGlobals) = postSolution
		SolutionGuid = {68103B47-9FC3-42D7-8818-C5AF73C515D2}
	EndGlobalSection
EndGlobal
